// !$*UTF8*$!
{
	archiveVersion = 1;
	classes = {
	};
	objectVersion = 55;
	objects = {

/* Begin PBXBuildFile section */
		0065156328ADD9ED0043BEA7 /* GoogleService-Info.plist in Resources */ = {isa = PBXBuildFile; fileRef = 0065156228ADD9ED0043BEA7 /* GoogleService-Info.plist */; };
		0065156628ADE0450043BEA7 /* SignUpViewModel.swift in Sources */ = {isa = PBXBuildFile; fileRef = 0065156528ADE0450043BEA7 /* SignUpViewModel.swift */; };
		006EB4EA28AB395A00BB9DCB /* AppDelegate.swift in Sources */ = {isa = PBXBuildFile; fileRef = 006EB4E928AB395A00BB9DCB /* AppDelegate.swift */; };
		006EB4EC28AB395A00BB9DCB /* SceneDelegate.swift in Sources */ = {isa = PBXBuildFile; fileRef = 006EB4EB28AB395A00BB9DCB /* SceneDelegate.swift */; };
		006EB4F328AB395B00BB9DCB /* Assets.xcassets in Resources */ = {isa = PBXBuildFile; fileRef = 006EB4F228AB395B00BB9DCB /* Assets.xcassets */; };
		006EB4F628AB395B00BB9DCB /* LaunchScreen.storyboard in Resources */ = {isa = PBXBuildFile; fileRef = 006EB4F428AB395B00BB9DCB /* LaunchScreen.storyboard */; };
		006EB4FF28AB3C4200BB9DCB /* main.swift in Sources */ = {isa = PBXBuildFile; fileRef = 006EB4FE28AB3C4200BB9DCB /* main.swift */; };
		006EB50128AB3C6C00BB9DCB /* MyApplication.swift in Sources */ = {isa = PBXBuildFile; fileRef = 006EB50028AB3C6C00BB9DCB /* MyApplication.swift */; };
		006EB51228AB3CE300BB9DCB /* TopGradientCurvedView.swift in Sources */ = {isa = PBXBuildFile; fileRef = 006EB50428AB3CE300BB9DCB /* TopGradientCurvedView.swift */; };
		006EB51328AB3CE300BB9DCB /* CustomCircleSlider.swift in Sources */ = {isa = PBXBuildFile; fileRef = 006EB50528AB3CE300BB9DCB /* CustomCircleSlider.swift */; };
		006EB51428AB3CE300BB9DCB /* HomeCollectionView.swift in Sources */ = {isa = PBXBuildFile; fileRef = 006EB50628AB3CE300BB9DCB /* HomeCollectionView.swift */; };
		006EB51528AB3CE300BB9DCB /* NewsTableCell.swift in Sources */ = {isa = PBXBuildFile; fileRef = 006EB50728AB3CE300BB9DCB /* NewsTableCell.swift */; };
		006EB51628AB3CE300BB9DCB /* ColorPalletCollectionCell.swift in Sources */ = {isa = PBXBuildFile; fileRef = 006EB50828AB3CE300BB9DCB /* ColorPalletCollectionCell.swift */; };
		006EB51728AB3CE300BB9DCB /* Loader.swift in Sources */ = {isa = PBXBuildFile; fileRef = 006EB50928AB3CE300BB9DCB /* Loader.swift */; };
		006EB51828AB3CE300BB9DCB /* CustomTabBar.swift in Sources */ = {isa = PBXBuildFile; fileRef = 006EB50A28AB3CE300BB9DCB /* CustomTabBar.swift */; };
		006EB51928AB3CE300BB9DCB /* VerticalSlider.swift in Sources */ = {isa = PBXBuildFile; fileRef = 006EB50B28AB3CE300BB9DCB /* VerticalSlider.swift */; };
		006EB51A28AB3CE300BB9DCB /* SlideInPresentationAnimator.swift in Sources */ = {isa = PBXBuildFile; fileRef = 006EB50D28AB3CE300BB9DCB /* SlideInPresentationAnimator.swift */; };
		006EB51B28AB3CE300BB9DCB /* SlideInPresentationManager.swift in Sources */ = {isa = PBXBuildFile; fileRef = 006EB50E28AB3CE300BB9DCB /* SlideInPresentationManager.swift */; };
		006EB51C28AB3CE300BB9DCB /* SlideInPresentationController.swift in Sources */ = {isa = PBXBuildFile; fileRef = 006EB50F28AB3CE300BB9DCB /* SlideInPresentationController.swift */; };
		006EB51D28AB3CE300BB9DCB /* HomeHeaderCollectionView.swift in Sources */ = {isa = PBXBuildFile; fileRef = 006EB51028AB3CE300BB9DCB /* HomeHeaderCollectionView.swift */; };
		006EB51E28AB3CE300BB9DCB /* CustomTextView.swift in Sources */ = {isa = PBXBuildFile; fileRef = 006EB51128AB3CE300BB9DCB /* CustomTextView.swift */; };
		006EB53B28AB3CF100BB9DCB /* ArtAudioViewController.swift in Sources */ = {isa = PBXBuildFile; fileRef = 006EB52228AB3CF100BB9DCB /* ArtAudioViewController.swift */; };
		006EB53D28AB3CF100BB9DCB /* DetailedNewsViewController.swift in Sources */ = {isa = PBXBuildFile; fileRef = 006EB52528AB3CF100BB9DCB /* DetailedNewsViewController.swift */; };
		006EB53E28AB3CF100BB9DCB /* NewsViewController.swift in Sources */ = {isa = PBXBuildFile; fileRef = 006EB52628AB3CF100BB9DCB /* NewsViewController.swift */; };
		006EB54128AB3CF100BB9DCB /* BaseTabBarController.swift in Sources */ = {isa = PBXBuildFile; fileRef = 006EB52A28AB3CF100BB9DCB /* BaseTabBarController.swift */; };
		006EB54228AB3CF100BB9DCB /* BaseViewController.swift in Sources */ = {isa = PBXBuildFile; fileRef = 006EB52B28AB3CF100BB9DCB /* BaseViewController.swift */; };
		006EB54328AB3CF100BB9DCB /* BaseNavigationController.swift in Sources */ = {isa = PBXBuildFile; fileRef = 006EB52C28AB3CF100BB9DCB /* BaseNavigationController.swift */; };
		006EB54428AB3CF100BB9DCB /* SideBarViewController.swift in Sources */ = {isa = PBXBuildFile; fileRef = 006EB52D28AB3CF100BB9DCB /* SideBarViewController.swift */; };
		006EB54628AB3CF100BB9DCB /* SettingsViewController.swift in Sources */ = {isa = PBXBuildFile; fileRef = 006EB53028AB3CF100BB9DCB /* SettingsViewController.swift */; };
		006EB54728AB3CF100BB9DCB /* HomeViewController.swift in Sources */ = {isa = PBXBuildFile; fileRef = 006EB53228AB3CF100BB9DCB /* HomeViewController.swift */; };
		006EB54828AB3CF100BB9DCB /* RecordInformationViewController.swift in Sources */ = {isa = PBXBuildFile; fileRef = 006EB53328AB3CF100BB9DCB /* RecordInformationViewController.swift */; };
		006EB54928AB3CF100BB9DCB /* GraphViewController.swift in Sources */ = {isa = PBXBuildFile; fileRef = 006EB53528AB3CF100BB9DCB /* GraphViewController.swift */; };
		006EB54B28AB3CF100BB9DCB /* SignUpViewController.swift in Sources */ = {isa = PBXBuildFile; fileRef = 006EB53828AB3CF100BB9DCB /* SignUpViewController.swift */; };
		006EB54C28AB3CF100BB9DCB /* LoginViewController.swift in Sources */ = {isa = PBXBuildFile; fileRef = 006EB53928AB3CF100BB9DCB /* LoginViewController.swift */; };
		006EB55928AB3CFC00BB9DCB /* JSONNull.swift in Sources */ = {isa = PBXBuildFile; fileRef = 006EB54E28AB3CFC00BB9DCB /* JSONNull.swift */; };
		006EB55A28AB3CFC00BB9DCB /* HardvardMuseumPersonModel.swift in Sources */ = {isa = PBXBuildFile; fileRef = 006EB55028AB3CFC00BB9DCB /* HardvardMuseumPersonModel.swift */; };
		006EB55B28AB3CFC00BB9DCB /* HardvardMuseumObjectModel.swift in Sources */ = {isa = PBXBuildFile; fileRef = 006EB55128AB3CFC00BB9DCB /* HardvardMuseumObjectModel.swift */; };
		006EB55C28AB3CFC00BB9DCB /* Media.swift in Sources */ = {isa = PBXBuildFile; fileRef = 006EB55228AB3CFC00BB9DCB /* Media.swift */; };
		006EB55D28AB3CFC00BB9DCB /* DetailedNewsModel.swift in Sources */ = {isa = PBXBuildFile; fileRef = 006EB55728AB3CFC00BB9DCB /* DetailedNewsModel.swift */; };
		006EB55E28AB3CFC00BB9DCB /* AudioModel.swift in Sources */ = {isa = PBXBuildFile; fileRef = 006EB55828AB3CFC00BB9DCB /* AudioModel.swift */; };
		006EB56D28AB3D0600BB9DCB /* NewsTableCellViewModel.swift in Sources */ = {isa = PBXBuildFile; fileRef = 006EB56428AB3D0600BB9DCB /* NewsTableCellViewModel.swift */; };
		006EB56E28AB3D0600BB9DCB /* DetailedNewsViewModel.swift in Sources */ = {isa = PBXBuildFile; fileRef = 006EB56528AB3D0600BB9DCB /* DetailedNewsViewModel.swift */; };
		006EB56F28AB3D0600BB9DCB /* NewsViewModel.swift in Sources */ = {isa = PBXBuildFile; fileRef = 006EB56628AB3D0600BB9DCB /* NewsViewModel.swift */; };
		006EB57028AB3D0600BB9DCB /* RecordInfomationViewModel.swift in Sources */ = {isa = PBXBuildFile; fileRef = 006EB56828AB3D0600BB9DCB /* RecordInfomationViewModel.swift */; };
		006EB57128AB3D0600BB9DCB /* HomeCollectionCellViewModel.swift in Sources */ = {isa = PBXBuildFile; fileRef = 006EB56928AB3D0600BB9DCB /* HomeCollectionCellViewModel.swift */; };
		006EB57228AB3D0600BB9DCB /* HomeViewModel.swift in Sources */ = {isa = PBXBuildFile; fileRef = 006EB56A28AB3D0600BB9DCB /* HomeViewModel.swift */; };
		006EB57328AB3D0600BB9DCB /* HomeHeaderCollectionViewModel.swift in Sources */ = {isa = PBXBuildFile; fileRef = 006EB56B28AB3D0600BB9DCB /* HomeHeaderCollectionViewModel.swift */; };
		006EB58728AB3E0000BB9DCB /* ParameterEncoding.swift in Sources */ = {isa = PBXBuildFile; fileRef = 006EB57628AB3E0000BB9DCB /* ParameterEncoding.swift */; };
		006EB58828AB3E0000BB9DCB /* URLParameterEncoder.swift in Sources */ = {isa = PBXBuildFile; fileRef = 006EB57728AB3E0000BB9DCB /* URLParameterEncoder.swift */; };
		006EB58928AB3E0000BB9DCB /* JSONParameterEncoder.swift in Sources */ = {isa = PBXBuildFile; fileRef = 006EB57828AB3E0000BB9DCB /* JSONParameterEncoder.swift */; };
		006EB58A28AB3E0000BB9DCB /* NetworkManager.swift in Sources */ = {isa = PBXBuildFile; fileRef = 006EB57A28AB3E0000BB9DCB /* NetworkManager.swift */; };
		006EB58B28AB3E0000BB9DCB /* NetworkMonitor.swift in Sources */ = {isa = PBXBuildFile; fileRef = 006EB57C28AB3E0000BB9DCB /* NetworkMonitor.swift */; };
		006EB58C28AB3E0000BB9DCB /* BaseEnpoint.swift in Sources */ = {isa = PBXBuildFile; fileRef = 006EB57E28AB3E0000BB9DCB /* BaseEnpoint.swift */; };
		006EB58D28AB3E0000BB9DCB /* HTTPTask.swift in Sources */ = {isa = PBXBuildFile; fileRef = 006EB58028AB3E0000BB9DCB /* HTTPTask.swift */; };
		006EB58E28AB3E0000BB9DCB /* HTTPMethod.swift in Sources */ = {isa = PBXBuildFile; fileRef = 006EB58128AB3E0000BB9DCB /* HTTPMethod.swift */; };
		006EB58F28AB3E0000BB9DCB /* Router.swift in Sources */ = {isa = PBXBuildFile; fileRef = 006EB58228AB3E0000BB9DCB /* Router.swift */; };
		006EB59028AB3E0000BB9DCB /* NetworkLogger.swift in Sources */ = {isa = PBXBuildFile; fileRef = 006EB58328AB3E0000BB9DCB /* NetworkLogger.swift */; };
		006EB59128AB3E0000BB9DCB /* EndPointType.swift in Sources */ = {isa = PBXBuildFile; fileRef = 006EB58428AB3E0000BB9DCB /* EndPointType.swift */; };
		006EB59228AB3E0000BB9DCB /* NetworkError.swift in Sources */ = {isa = PBXBuildFile; fileRef = 006EB58528AB3E0000BB9DCB /* NetworkError.swift */; };
		006EB59328AB3E0000BB9DCB /* URLs.swift in Sources */ = {isa = PBXBuildFile; fileRef = 006EB58628AB3E0000BB9DCB /* URLs.swift */; };
		006EB5A828AB3E1B00BB9DCB /* AsyncAddOperation.swift in Sources */ = {isa = PBXBuildFile; fileRef = 006EB59528AB3E1B00BB9DCB /* AsyncAddOperation.swift */; };
		006EB5A928AB3E1B00BB9DCB /* Enums.swift in Sources */ = {isa = PBXBuildFile; fileRef = 006EB59628AB3E1B00BB9DCB /* Enums.swift */; };
		006EB5AA28AB3E1B00BB9DCB /* UIImage + Extension.swift in Sources */ = {isa = PBXBuildFile; fileRef = 006EB59828AB3E1B00BB9DCB /* UIImage + Extension.swift */; };
		006EB5AB28AB3E1B00BB9DCB /* Double + Extension.swift in Sources */ = {isa = PBXBuildFile; fileRef = 006EB59928AB3E1B00BB9DCB /* Double + Extension.swift */; };
		006EB5AC28AB3E1B00BB9DCB /* UIView + Extension.swift in Sources */ = {isa = PBXBuildFile; fileRef = 006EB59A28AB3E1B00BB9DCB /* UIView + Extension.swift */; };
		006EB5AD28AB3E1B00BB9DCB /* UserDefaults + Extension.swift in Sources */ = {isa = PBXBuildFile; fileRef = 006EB59B28AB3E1B00BB9DCB /* UserDefaults + Extension.swift */; };
		006EB5AE28AB3E1B00BB9DCB /* NSObject + Extension.swift in Sources */ = {isa = PBXBuildFile; fileRef = 006EB59C28AB3E1B00BB9DCB /* NSObject + Extension.swift */; };
		006EB5AF28AB3E1B00BB9DCB /* AppDelegate + Extension.swift in Sources */ = {isa = PBXBuildFile; fileRef = 006EB59D28AB3E1B00BB9DCB /* AppDelegate + Extension.swift */; };
		006EB5B028AB3E1B00BB9DCB /* String + Extension.swift in Sources */ = {isa = PBXBuildFile; fileRef = 006EB59E28AB3E1B00BB9DCB /* String + Extension.swift */; };
		006EB5B128AB3E1B00BB9DCB /* Data + Extension.swift in Sources */ = {isa = PBXBuildFile; fileRef = 006EB59F28AB3E1B00BB9DCB /* Data + Extension.swift */; };
		006EB5B228AB3E1B00BB9DCB /* DataLoadOperation.swift in Sources */ = {isa = PBXBuildFile; fileRef = 006EB5A028AB3E1B00BB9DCB /* DataLoadOperation.swift */; };
		006EB5B328AB3E1B00BB9DCB /* KeychainError.swift in Sources */ = {isa = PBXBuildFile; fileRef = 006EB5A228AB3E1B00BB9DCB /* KeychainError.swift */; };
		006EB5B428AB3E1B00BB9DCB /* KeychainQuery.swift in Sources */ = {isa = PBXBuildFile; fileRef = 006EB5A328AB3E1B00BB9DCB /* KeychainQuery.swift */; };
		006EB5B528AB3E1B00BB9DCB /* KeychainManager.swift in Sources */ = {isa = PBXBuildFile; fileRef = 006EB5A428AB3E1B00BB9DCB /* KeychainManager.swift */; };
		006EB5B628AB3E1B00BB9DCB /* BiometricIDAuth.swift in Sources */ = {isa = PBXBuildFile; fileRef = 006EB5A528AB3E1B00BB9DCB /* BiometricIDAuth.swift */; };
		006EB5B728AB3E1B00BB9DCB /* PublicFunction.swift in Sources */ = {isa = PBXBuildFile; fileRef = 006EB5A628AB3E1B00BB9DCB /* PublicFunction.swift */; };
		006EB5B828AB3E1B00BB9DCB /* SessionTimer.swift in Sources */ = {isa = PBXBuildFile; fileRef = 006EB5A728AB3E1B00BB9DCB /* SessionTimer.swift */; };
		006EB5BD28AB42E900BB9DCB /* LocalizableKeys.swift in Sources */ = {isa = PBXBuildFile; fileRef = 006EB5BA28AB42E900BB9DCB /* LocalizableKeys.swift */; };
		006EB5BE28AB42E900BB9DCB /* LocalizableManager.swift in Sources */ = {isa = PBXBuildFile; fileRef = 006EB5BB28AB42E900BB9DCB /* LocalizableManager.swift */; };
		006EB5BF28AB42E900BB9DCB /* Languages.swift in Sources */ = {isa = PBXBuildFile; fileRef = 006EB5BC28AB42E900BB9DCB /* Languages.swift */; };
		006EB5C428AB4D1800BB9DCB /* SettingsViewModel.swift in Sources */ = {isa = PBXBuildFile; fileRef = 006EB5C328AB4D1800BB9DCB /* SettingsViewModel.swift */; };
		8098C6A6256981BBA3BBE5EF /* Pods_Art_Project.framework in Frameworks */ = {isa = PBXBuildFile; fileRef = 724ABA61EF127A7D2839E3F8 /* Pods_Art_Project.framework */; };
/* End PBXBuildFile section */

/* Begin PBXFileReference section */
		0065156228ADD9ED0043BEA7 /* GoogleService-Info.plist */ = {isa = PBXFileReference; fileEncoding = 4; lastKnownFileType = text.plist.xml; path = "GoogleService-Info.plist"; sourceTree = "<group>"; };
		0065156528ADE0450043BEA7 /* SignUpViewModel.swift */ = {isa = PBXFileReference; lastKnownFileType = sourcecode.swift; path = SignUpViewModel.swift; sourceTree = "<group>"; };
		006EB4E628AB395A00BB9DCB /* Art-Project.app */ = {isa = PBXFileReference; explicitFileType = wrapper.application; includeInIndex = 0; path = "Art-Project.app"; sourceTree = BUILT_PRODUCTS_DIR; };
		006EB4E928AB395A00BB9DCB /* AppDelegate.swift */ = {isa = PBXFileReference; lastKnownFileType = sourcecode.swift; path = AppDelegate.swift; sourceTree = "<group>"; };
		006EB4EB28AB395A00BB9DCB /* SceneDelegate.swift */ = {isa = PBXFileReference; lastKnownFileType = sourcecode.swift; path = SceneDelegate.swift; sourceTree = "<group>"; };
		006EB4F228AB395B00BB9DCB /* Assets.xcassets */ = {isa = PBXFileReference; lastKnownFileType = folder.assetcatalog; path = Assets.xcassets; sourceTree = "<group>"; };
		006EB4F528AB395B00BB9DCB /* Base */ = {isa = PBXFileReference; lastKnownFileType = file.storyboard; name = Base; path = Base.lproj/LaunchScreen.storyboard; sourceTree = "<group>"; };
		006EB4F728AB395B00BB9DCB /* Info.plist */ = {isa = PBXFileReference; lastKnownFileType = text.plist.xml; path = Info.plist; sourceTree = "<group>"; };
		006EB4FE28AB3C4200BB9DCB /* main.swift */ = {isa = PBXFileReference; fileEncoding = 4; lastKnownFileType = sourcecode.swift; path = main.swift; sourceTree = "<group>"; };
		006EB50028AB3C6C00BB9DCB /* MyApplication.swift */ = {isa = PBXFileReference; fileEncoding = 4; lastKnownFileType = sourcecode.swift; path = MyApplication.swift; sourceTree = "<group>"; };
		006EB50428AB3CE300BB9DCB /* TopGradientCurvedView.swift */ = {isa = PBXFileReference; fileEncoding = 4; lastKnownFileType = sourcecode.swift; path = TopGradientCurvedView.swift; sourceTree = "<group>"; };
		006EB50528AB3CE300BB9DCB /* CustomCircleSlider.swift */ = {isa = PBXFileReference; fileEncoding = 4; lastKnownFileType = sourcecode.swift; path = CustomCircleSlider.swift; sourceTree = "<group>"; };
		006EB50628AB3CE300BB9DCB /* HomeCollectionView.swift */ = {isa = PBXFileReference; fileEncoding = 4; lastKnownFileType = sourcecode.swift; path = HomeCollectionView.swift; sourceTree = "<group>"; };
		006EB50728AB3CE300BB9DCB /* NewsTableCell.swift */ = {isa = PBXFileReference; fileEncoding = 4; lastKnownFileType = sourcecode.swift; path = NewsTableCell.swift; sourceTree = "<group>"; };
		006EB50828AB3CE300BB9DCB /* ColorPalletCollectionCell.swift */ = {isa = PBXFileReference; fileEncoding = 4; lastKnownFileType = sourcecode.swift; path = ColorPalletCollectionCell.swift; sourceTree = "<group>"; };
		006EB50928AB3CE300BB9DCB /* Loader.swift */ = {isa = PBXFileReference; fileEncoding = 4; lastKnownFileType = sourcecode.swift; path = Loader.swift; sourceTree = "<group>"; };
		006EB50A28AB3CE300BB9DCB /* CustomTabBar.swift */ = {isa = PBXFileReference; fileEncoding = 4; lastKnownFileType = sourcecode.swift; path = CustomTabBar.swift; sourceTree = "<group>"; };
		006EB50B28AB3CE300BB9DCB /* VerticalSlider.swift */ = {isa = PBXFileReference; fileEncoding = 4; lastKnownFileType = sourcecode.swift; path = VerticalSlider.swift; sourceTree = "<group>"; };
		006EB50D28AB3CE300BB9DCB /* SlideInPresentationAnimator.swift */ = {isa = PBXFileReference; fileEncoding = 4; lastKnownFileType = sourcecode.swift; path = SlideInPresentationAnimator.swift; sourceTree = "<group>"; };
		006EB50E28AB3CE300BB9DCB /* SlideInPresentationManager.swift */ = {isa = PBXFileReference; fileEncoding = 4; lastKnownFileType = sourcecode.swift; path = SlideInPresentationManager.swift; sourceTree = "<group>"; };
		006EB50F28AB3CE300BB9DCB /* SlideInPresentationController.swift */ = {isa = PBXFileReference; fileEncoding = 4; lastKnownFileType = sourcecode.swift; path = SlideInPresentationController.swift; sourceTree = "<group>"; };
		006EB51028AB3CE300BB9DCB /* HomeHeaderCollectionView.swift */ = {isa = PBXFileReference; fileEncoding = 4; lastKnownFileType = sourcecode.swift; path = HomeHeaderCollectionView.swift; sourceTree = "<group>"; };
		006EB51128AB3CE300BB9DCB /* CustomTextView.swift */ = {isa = PBXFileReference; fileEncoding = 4; lastKnownFileType = sourcecode.swift; path = CustomTextView.swift; sourceTree = "<group>"; };
		006EB52228AB3CF100BB9DCB /* ArtAudioViewController.swift */ = {isa = PBXFileReference; fileEncoding = 4; lastKnownFileType = sourcecode.swift; path = ArtAudioViewController.swift; sourceTree = "<group>"; };
		006EB52528AB3CF100BB9DCB /* DetailedNewsViewController.swift */ = {isa = PBXFileReference; fileEncoding = 4; lastKnownFileType = sourcecode.swift; path = DetailedNewsViewController.swift; sourceTree = "<group>"; };
		006EB52628AB3CF100BB9DCB /* NewsViewController.swift */ = {isa = PBXFileReference; fileEncoding = 4; lastKnownFileType = sourcecode.swift; path = NewsViewController.swift; sourceTree = "<group>"; };
		006EB52A28AB3CF100BB9DCB /* BaseTabBarController.swift */ = {isa = PBXFileReference; fileEncoding = 4; lastKnownFileType = sourcecode.swift; path = BaseTabBarController.swift; sourceTree = "<group>"; };
		006EB52B28AB3CF100BB9DCB /* BaseViewController.swift */ = {isa = PBXFileReference; fileEncoding = 4; lastKnownFileType = sourcecode.swift; path = BaseViewController.swift; sourceTree = "<group>"; };
		006EB52C28AB3CF100BB9DCB /* BaseNavigationController.swift */ = {isa = PBXFileReference; fileEncoding = 4; lastKnownFileType = sourcecode.swift; path = BaseNavigationController.swift; sourceTree = "<group>"; };
		006EB52D28AB3CF100BB9DCB /* SideBarViewController.swift */ = {isa = PBXFileReference; fileEncoding = 4; lastKnownFileType = sourcecode.swift; path = SideBarViewController.swift; sourceTree = "<group>"; };
		006EB53028AB3CF100BB9DCB /* SettingsViewController.swift */ = {isa = PBXFileReference; fileEncoding = 4; lastKnownFileType = sourcecode.swift; path = SettingsViewController.swift; sourceTree = "<group>"; };
		006EB53228AB3CF100BB9DCB /* HomeViewController.swift */ = {isa = PBXFileReference; fileEncoding = 4; lastKnownFileType = sourcecode.swift; path = HomeViewController.swift; sourceTree = "<group>"; };
		006EB53328AB3CF100BB9DCB /* RecordInformationViewController.swift */ = {isa = PBXFileReference; fileEncoding = 4; lastKnownFileType = sourcecode.swift; path = RecordInformationViewController.swift; sourceTree = "<group>"; };
		006EB53528AB3CF100BB9DCB /* GraphViewController.swift */ = {isa = PBXFileReference; fileEncoding = 4; lastKnownFileType = sourcecode.swift; path = GraphViewController.swift; sourceTree = "<group>"; };
		006EB53828AB3CF100BB9DCB /* SignUpViewController.swift */ = {isa = PBXFileReference; fileEncoding = 4; lastKnownFileType = sourcecode.swift; path = SignUpViewController.swift; sourceTree = "<group>"; };
		006EB53928AB3CF100BB9DCB /* LoginViewController.swift */ = {isa = PBXFileReference; fileEncoding = 4; lastKnownFileType = sourcecode.swift; path = LoginViewController.swift; sourceTree = "<group>"; };
		006EB54E28AB3CFC00BB9DCB /* JSONNull.swift */ = {isa = PBXFileReference; fileEncoding = 4; lastKnownFileType = sourcecode.swift; path = JSONNull.swift; sourceTree = "<group>"; };
		006EB55028AB3CFC00BB9DCB /* HardvardMuseumPersonModel.swift */ = {isa = PBXFileReference; fileEncoding = 4; lastKnownFileType = sourcecode.swift; path = HardvardMuseumPersonModel.swift; sourceTree = "<group>"; };
		006EB55128AB3CFC00BB9DCB /* HardvardMuseumObjectModel.swift */ = {isa = PBXFileReference; fileEncoding = 4; lastKnownFileType = sourcecode.swift; path = HardvardMuseumObjectModel.swift; sourceTree = "<group>"; };
		006EB55228AB3CFC00BB9DCB /* Media.swift */ = {isa = PBXFileReference; fileEncoding = 4; lastKnownFileType = sourcecode.swift; path = Media.swift; sourceTree = "<group>"; };
		006EB55728AB3CFC00BB9DCB /* DetailedNewsModel.swift */ = {isa = PBXFileReference; fileEncoding = 4; lastKnownFileType = sourcecode.swift; path = DetailedNewsModel.swift; sourceTree = "<group>"; };
		006EB55828AB3CFC00BB9DCB /* AudioModel.swift */ = {isa = PBXFileReference; fileEncoding = 4; lastKnownFileType = sourcecode.swift; path = AudioModel.swift; sourceTree = "<group>"; };
		006EB56428AB3D0600BB9DCB /* NewsTableCellViewModel.swift */ = {isa = PBXFileReference; fileEncoding = 4; lastKnownFileType = sourcecode.swift; path = NewsTableCellViewModel.swift; sourceTree = "<group>"; };
		006EB56528AB3D0600BB9DCB /* DetailedNewsViewModel.swift */ = {isa = PBXFileReference; fileEncoding = 4; lastKnownFileType = sourcecode.swift; path = DetailedNewsViewModel.swift; sourceTree = "<group>"; };
		006EB56628AB3D0600BB9DCB /* NewsViewModel.swift */ = {isa = PBXFileReference; fileEncoding = 4; lastKnownFileType = sourcecode.swift; path = NewsViewModel.swift; sourceTree = "<group>"; };
		006EB56828AB3D0600BB9DCB /* RecordInfomationViewModel.swift */ = {isa = PBXFileReference; fileEncoding = 4; lastKnownFileType = sourcecode.swift; path = RecordInfomationViewModel.swift; sourceTree = "<group>"; };
		006EB56928AB3D0600BB9DCB /* HomeCollectionCellViewModel.swift */ = {isa = PBXFileReference; fileEncoding = 4; lastKnownFileType = sourcecode.swift; path = HomeCollectionCellViewModel.swift; sourceTree = "<group>"; };
		006EB56A28AB3D0600BB9DCB /* HomeViewModel.swift */ = {isa = PBXFileReference; fileEncoding = 4; lastKnownFileType = sourcecode.swift; path = HomeViewModel.swift; sourceTree = "<group>"; };
		006EB56B28AB3D0600BB9DCB /* HomeHeaderCollectionViewModel.swift */ = {isa = PBXFileReference; fileEncoding = 4; lastKnownFileType = sourcecode.swift; path = HomeHeaderCollectionViewModel.swift; sourceTree = "<group>"; };
		006EB57628AB3E0000BB9DCB /* ParameterEncoding.swift */ = {isa = PBXFileReference; fileEncoding = 4; lastKnownFileType = sourcecode.swift; path = ParameterEncoding.swift; sourceTree = "<group>"; };
		006EB57728AB3E0000BB9DCB /* URLParameterEncoder.swift */ = {isa = PBXFileReference; fileEncoding = 4; lastKnownFileType = sourcecode.swift; path = URLParameterEncoder.swift; sourceTree = "<group>"; };
		006EB57828AB3E0000BB9DCB /* JSONParameterEncoder.swift */ = {isa = PBXFileReference; fileEncoding = 4; lastKnownFileType = sourcecode.swift; path = JSONParameterEncoder.swift; sourceTree = "<group>"; };
		006EB57A28AB3E0000BB9DCB /* NetworkManager.swift */ = {isa = PBXFileReference; fileEncoding = 4; lastKnownFileType = sourcecode.swift; path = NetworkManager.swift; sourceTree = "<group>"; };
		006EB57C28AB3E0000BB9DCB /* NetworkMonitor.swift */ = {isa = PBXFileReference; fileEncoding = 4; lastKnownFileType = sourcecode.swift; path = NetworkMonitor.swift; sourceTree = "<group>"; };
		006EB57E28AB3E0000BB9DCB /* BaseEnpoint.swift */ = {isa = PBXFileReference; fileEncoding = 4; lastKnownFileType = sourcecode.swift; path = BaseEnpoint.swift; sourceTree = "<group>"; };
		006EB58028AB3E0000BB9DCB /* HTTPTask.swift */ = {isa = PBXFileReference; fileEncoding = 4; lastKnownFileType = sourcecode.swift; path = HTTPTask.swift; sourceTree = "<group>"; };
		006EB58128AB3E0000BB9DCB /* HTTPMethod.swift */ = {isa = PBXFileReference; fileEncoding = 4; lastKnownFileType = sourcecode.swift; path = HTTPMethod.swift; sourceTree = "<group>"; };
		006EB58228AB3E0000BB9DCB /* Router.swift */ = {isa = PBXFileReference; fileEncoding = 4; lastKnownFileType = sourcecode.swift; path = Router.swift; sourceTree = "<group>"; };
		006EB58328AB3E0000BB9DCB /* NetworkLogger.swift */ = {isa = PBXFileReference; fileEncoding = 4; lastKnownFileType = sourcecode.swift; path = NetworkLogger.swift; sourceTree = "<group>"; };
		006EB58428AB3E0000BB9DCB /* EndPointType.swift */ = {isa = PBXFileReference; fileEncoding = 4; lastKnownFileType = sourcecode.swift; path = EndPointType.swift; sourceTree = "<group>"; };
		006EB58528AB3E0000BB9DCB /* NetworkError.swift */ = {isa = PBXFileReference; fileEncoding = 4; lastKnownFileType = sourcecode.swift; path = NetworkError.swift; sourceTree = "<group>"; };
		006EB58628AB3E0000BB9DCB /* URLs.swift */ = {isa = PBXFileReference; fileEncoding = 4; lastKnownFileType = sourcecode.swift; path = URLs.swift; sourceTree = "<group>"; };
		006EB59528AB3E1B00BB9DCB /* AsyncAddOperation.swift */ = {isa = PBXFileReference; fileEncoding = 4; lastKnownFileType = sourcecode.swift; path = AsyncAddOperation.swift; sourceTree = "<group>"; };
		006EB59628AB3E1B00BB9DCB /* Enums.swift */ = {isa = PBXFileReference; fileEncoding = 4; lastKnownFileType = sourcecode.swift; path = Enums.swift; sourceTree = "<group>"; };
		006EB59828AB3E1B00BB9DCB /* UIImage + Extension.swift */ = {isa = PBXFileReference; fileEncoding = 4; lastKnownFileType = sourcecode.swift; path = "UIImage + Extension.swift"; sourceTree = "<group>"; };
		006EB59928AB3E1B00BB9DCB /* Double + Extension.swift */ = {isa = PBXFileReference; fileEncoding = 4; lastKnownFileType = sourcecode.swift; path = "Double + Extension.swift"; sourceTree = "<group>"; };
		006EB59A28AB3E1B00BB9DCB /* UIView + Extension.swift */ = {isa = PBXFileReference; fileEncoding = 4; lastKnownFileType = sourcecode.swift; path = "UIView + Extension.swift"; sourceTree = "<group>"; };
		006EB59B28AB3E1B00BB9DCB /* UserDefaults + Extension.swift */ = {isa = PBXFileReference; fileEncoding = 4; lastKnownFileType = sourcecode.swift; path = "UserDefaults + Extension.swift"; sourceTree = "<group>"; };
		006EB59C28AB3E1B00BB9DCB /* NSObject + Extension.swift */ = {isa = PBXFileReference; fileEncoding = 4; lastKnownFileType = sourcecode.swift; path = "NSObject + Extension.swift"; sourceTree = "<group>"; };
		006EB59D28AB3E1B00BB9DCB /* AppDelegate + Extension.swift */ = {isa = PBXFileReference; fileEncoding = 4; lastKnownFileType = sourcecode.swift; path = "AppDelegate + Extension.swift"; sourceTree = "<group>"; };
		006EB59E28AB3E1B00BB9DCB /* String + Extension.swift */ = {isa = PBXFileReference; fileEncoding = 4; lastKnownFileType = sourcecode.swift; path = "String + Extension.swift"; sourceTree = "<group>"; };
		006EB59F28AB3E1B00BB9DCB /* Data + Extension.swift */ = {isa = PBXFileReference; fileEncoding = 4; lastKnownFileType = sourcecode.swift; path = "Data + Extension.swift"; sourceTree = "<group>"; };
		006EB5A028AB3E1B00BB9DCB /* DataLoadOperation.swift */ = {isa = PBXFileReference; fileEncoding = 4; lastKnownFileType = sourcecode.swift; path = DataLoadOperation.swift; sourceTree = "<group>"; };
		006EB5A228AB3E1B00BB9DCB /* KeychainError.swift */ = {isa = PBXFileReference; fileEncoding = 4; lastKnownFileType = sourcecode.swift; path = KeychainError.swift; sourceTree = "<group>"; };
		006EB5A328AB3E1B00BB9DCB /* KeychainQuery.swift */ = {isa = PBXFileReference; fileEncoding = 4; lastKnownFileType = sourcecode.swift; path = KeychainQuery.swift; sourceTree = "<group>"; };
		006EB5A428AB3E1B00BB9DCB /* KeychainManager.swift */ = {isa = PBXFileReference; fileEncoding = 4; lastKnownFileType = sourcecode.swift; path = KeychainManager.swift; sourceTree = "<group>"; };
		006EB5A528AB3E1B00BB9DCB /* BiometricIDAuth.swift */ = {isa = PBXFileReference; fileEncoding = 4; lastKnownFileType = sourcecode.swift; path = BiometricIDAuth.swift; sourceTree = "<group>"; };
		006EB5A628AB3E1B00BB9DCB /* PublicFunction.swift */ = {isa = PBXFileReference; fileEncoding = 4; lastKnownFileType = sourcecode.swift; path = PublicFunction.swift; sourceTree = "<group>"; };
		006EB5A728AB3E1B00BB9DCB /* SessionTimer.swift */ = {isa = PBXFileReference; fileEncoding = 4; lastKnownFileType = sourcecode.swift; path = SessionTimer.swift; sourceTree = "<group>"; };
		006EB5BA28AB42E900BB9DCB /* LocalizableKeys.swift */ = {isa = PBXFileReference; fileEncoding = 4; lastKnownFileType = sourcecode.swift; path = LocalizableKeys.swift; sourceTree = "<group>"; };
		006EB5BB28AB42E900BB9DCB /* LocalizableManager.swift */ = {isa = PBXFileReference; fileEncoding = 4; lastKnownFileType = sourcecode.swift; path = LocalizableManager.swift; sourceTree = "<group>"; };
		006EB5BC28AB42E900BB9DCB /* Languages.swift */ = {isa = PBXFileReference; fileEncoding = 4; lastKnownFileType = sourcecode.swift; path = Languages.swift; sourceTree = "<group>"; };
		006EB5C028AB43F300BB9DCB /* ja */ = {isa = PBXFileReference; lastKnownFileType = file.storyboard; name = ja; path = ja.lproj/LaunchScreen.storyboard; sourceTree = "<group>"; };
		006EB5C328AB4D1800BB9DCB /* SettingsViewModel.swift */ = {isa = PBXFileReference; lastKnownFileType = sourcecode.swift; path = SettingsViewModel.swift; sourceTree = "<group>"; };
		724ABA61EF127A7D2839E3F8 /* Pods_Art_Project.framework */ = {isa = PBXFileReference; explicitFileType = wrapper.framework; includeInIndex = 0; path = Pods_Art_Project.framework; sourceTree = BUILT_PRODUCTS_DIR; };
		C79D637B3166DC845241F7E4 /* Pods-Art-Project.debug.xcconfig */ = {isa = PBXFileReference; includeInIndex = 1; lastKnownFileType = text.xcconfig; name = "Pods-Art-Project.debug.xcconfig"; path = "Target Support Files/Pods-Art-Project/Pods-Art-Project.debug.xcconfig"; sourceTree = "<group>"; };
		EF049535A091D8C7E9CED3C5 /* Pods-Art-Project.release.xcconfig */ = {isa = PBXFileReference; includeInIndex = 1; lastKnownFileType = text.xcconfig; name = "Pods-Art-Project.release.xcconfig"; path = "Target Support Files/Pods-Art-Project/Pods-Art-Project.release.xcconfig"; sourceTree = "<group>"; };
/* End PBXFileReference section */

/* Begin PBXFrameworksBuildPhase section */
		006EB4E328AB395A00BB9DCB /* Frameworks */ = {
			isa = PBXFrameworksBuildPhase;
			buildActionMask = 2147483647;
			files = (
				8098C6A6256981BBA3BBE5EF /* Pods_Art_Project.framework in Frameworks */,
			);
			runOnlyForDeploymentPostprocessing = 0;
		};
/* End PBXFrameworksBuildPhase section */

/* Begin PBXGroup section */
		0065156428ADE0050043BEA7 /* LoginViewModels */ = {
			isa = PBXGroup;
			children = (
				0065156528ADE0450043BEA7 /* SignUpViewModel.swift */,
			);
			path = LoginViewModels;
			sourceTree = "<group>";
		};
		006EB4DD28AB395A00BB9DCB = {
			isa = PBXGroup;
			children = (
				006EB4E828AB395A00BB9DCB /* Art-Project */,
				006EB4E728AB395A00BB9DCB /* Products */,
				6FD253C87AD4217E43FF910E /* Pods */,
				124E23B46C2E53A56074661F /* Frameworks */,
			);
			sourceTree = "<group>";
		};
		006EB4E728AB395A00BB9DCB /* Products */ = {
			isa = PBXGroup;
			children = (
				006EB4E628AB395A00BB9DCB /* Art-Project.app */,
			);
			name = Products;
			sourceTree = "<group>";
		};
		006EB4E828AB395A00BB9DCB /* Art-Project */ = {
			isa = PBXGroup;
			children = (
				006EB4FD28AB3C0300BB9DCB /* AppDelegate */,
				006EB57428AB3E0000BB9DCB /* Networking */,
				006EB54D28AB3CFC00BB9DCB /* Models */,
				006EB55F28AB3D0600BB9DCB /* ViewModels */,
				006EB51F28AB3CF100BB9DCB /* ViewControllers */,
				006EB50328AB3CE300BB9DCB /* Views */,
				006EB59428AB3E1B00BB9DCB /* Ulities */,
				006EB50228AB3CA000BB9DCB /* Resources */,
			);
			path = "Art-Project";
			sourceTree = "<group>";
		};
		006EB4FD28AB3C0300BB9DCB /* AppDelegate */ = {
			isa = PBXGroup;
			children = (
				006EB4E928AB395A00BB9DCB /* AppDelegate.swift */,
				006EB4EB28AB395A00BB9DCB /* SceneDelegate.swift */,
				006EB4FE28AB3C4200BB9DCB /* main.swift */,
				006EB50028AB3C6C00BB9DCB /* MyApplication.swift */,
			);
			path = AppDelegate;
			sourceTree = "<group>";
		};
		006EB50228AB3CA000BB9DCB /* Resources */ = {
			isa = PBXGroup;
			children = (
				006EB5B928AB42E900BB9DCB /* Localizable */,
				006EB4F228AB395B00BB9DCB /* Assets.xcassets */,
				006EB4F428AB395B00BB9DCB /* LaunchScreen.storyboard */,
				006EB4F728AB395B00BB9DCB /* Info.plist */,
				0065156228ADD9ED0043BEA7 /* GoogleService-Info.plist */,
			);
			path = Resources;
			sourceTree = "<group>";
		};
		006EB50328AB3CE300BB9DCB /* Views */ = {
			isa = PBXGroup;
			children = (
				006EB50428AB3CE300BB9DCB /* TopGradientCurvedView.swift */,
				006EB50528AB3CE300BB9DCB /* CustomCircleSlider.swift */,
				006EB50628AB3CE300BB9DCB /* HomeCollectionView.swift */,
				006EB50728AB3CE300BB9DCB /* NewsTableCell.swift */,
				006EB50828AB3CE300BB9DCB /* ColorPalletCollectionCell.swift */,
				006EB50928AB3CE300BB9DCB /* Loader.swift */,
				006EB50A28AB3CE300BB9DCB /* CustomTabBar.swift */,
				006EB50B28AB3CE300BB9DCB /* VerticalSlider.swift */,
				006EB50C28AB3CE300BB9DCB /* SlideInPresentation */,
				006EB51028AB3CE300BB9DCB /* HomeHeaderCollectionView.swift */,
				006EB51128AB3CE300BB9DCB /* CustomTextView.swift */,
			);
			path = Views;
			sourceTree = "<group>";
		};
		006EB50C28AB3CE300BB9DCB /* SlideInPresentation */ = {
			isa = PBXGroup;
			children = (
				006EB50D28AB3CE300BB9DCB /* SlideInPresentationAnimator.swift */,
				006EB50E28AB3CE300BB9DCB /* SlideInPresentationManager.swift */,
				006EB50F28AB3CE300BB9DCB /* SlideInPresentationController.swift */,
			);
			path = SlideInPresentation;
			sourceTree = "<group>";
		};
		006EB51F28AB3CF100BB9DCB /* ViewControllers */ = {
			isa = PBXGroup;
			children = (
				006EB52928AB3CF100BB9DCB /* BaseViewControllers */,
				006EB53728AB3CF100BB9DCB /* LoginViewControllers */,
				006EB53128AB3CF100BB9DCB /* HomeViewControllers */,
				006EB52428AB3CF100BB9DCB /* NewsViewControllers */,
				006EB52128AB3CF100BB9DCB /* AudioViewControllers */,
				006EB53428AB3CF100BB9DCB /* GraphViewControllers */,
				006EB52F28AB3CF100BB9DCB /* SettingsViewControllers */,
			);
			path = ViewControllers;
			sourceTree = "<group>";
		};
		006EB52128AB3CF100BB9DCB /* AudioViewControllers */ = {
			isa = PBXGroup;
			children = (
				006EB52228AB3CF100BB9DCB /* ArtAudioViewController.swift */,
			);
			path = AudioViewControllers;
			sourceTree = "<group>";
		};
		006EB52428AB3CF100BB9DCB /* NewsViewControllers */ = {
			isa = PBXGroup;
			children = (
				006EB52528AB3CF100BB9DCB /* DetailedNewsViewController.swift */,
				006EB52628AB3CF100BB9DCB /* NewsViewController.swift */,
			);
			path = NewsViewControllers;
			sourceTree = "<group>";
		};
		006EB52928AB3CF100BB9DCB /* BaseViewControllers */ = {
			isa = PBXGroup;
			children = (
				006EB52A28AB3CF100BB9DCB /* BaseTabBarController.swift */,
				006EB52B28AB3CF100BB9DCB /* BaseViewController.swift */,
				006EB52C28AB3CF100BB9DCB /* BaseNavigationController.swift */,
				006EB52D28AB3CF100BB9DCB /* SideBarViewController.swift */,
			);
			path = BaseViewControllers;
			sourceTree = "<group>";
		};
		006EB52F28AB3CF100BB9DCB /* SettingsViewControllers */ = {
			isa = PBXGroup;
			children = (
				006EB53028AB3CF100BB9DCB /* SettingsViewController.swift */,
			);
			path = SettingsViewControllers;
			sourceTree = "<group>";
		};
		006EB53128AB3CF100BB9DCB /* HomeViewControllers */ = {
			isa = PBXGroup;
			children = (
				006EB53228AB3CF100BB9DCB /* HomeViewController.swift */,
				006EB53328AB3CF100BB9DCB /* RecordInformationViewController.swift */,
			);
			path = HomeViewControllers;
			sourceTree = "<group>";
		};
		006EB53428AB3CF100BB9DCB /* GraphViewControllers */ = {
			isa = PBXGroup;
			children = (
				006EB53528AB3CF100BB9DCB /* GraphViewController.swift */,
			);
			path = GraphViewControllers;
			sourceTree = "<group>";
		};
		006EB53728AB3CF100BB9DCB /* LoginViewControllers */ = {
			isa = PBXGroup;
			children = (
				006EB53928AB3CF100BB9DCB /* LoginViewController.swift */,
				006EB53828AB3CF100BB9DCB /* SignUpViewController.swift */,
			);
			path = LoginViewControllers;
			sourceTree = "<group>";
		};
		006EB54D28AB3CFC00BB9DCB /* Models */ = {
			isa = PBXGroup;
			children = (
				006EB54E28AB3CFC00BB9DCB /* JSONNull.swift */,
				006EB55228AB3CFC00BB9DCB /* Media.swift */,
				006EB55628AB3CFC00BB9DCB /* NewsModel */,
				006EB54F28AB3CFC00BB9DCB /* HomeModels */,
			);
			path = Models;
			sourceTree = "<group>";
		};
		006EB54F28AB3CFC00BB9DCB /* HomeModels */ = {
			isa = PBXGroup;
			children = (
				006EB55028AB3CFC00BB9DCB /* HardvardMuseumPersonModel.swift */,
				006EB55128AB3CFC00BB9DCB /* HardvardMuseumObjectModel.swift */,
			);
			path = HomeModels;
			sourceTree = "<group>";
		};
		006EB55628AB3CFC00BB9DCB /* NewsModel */ = {
			isa = PBXGroup;
			children = (
				006EB55728AB3CFC00BB9DCB /* DetailedNewsModel.swift */,
				006EB55828AB3CFC00BB9DCB /* AudioModel.swift */,
			);
			path = NewsModel;
			sourceTree = "<group>";
		};
		006EB55F28AB3D0600BB9DCB /* ViewModels */ = {
			isa = PBXGroup;
			children = (
				0065156428ADE0050043BEA7 /* LoginViewModels */,
				006EB5C228AB4CE100BB9DCB /* SettingsViewModels */,
				006EB56328AB3D0600BB9DCB /* NewsViewModels */,
				006EB56728AB3D0600BB9DCB /* HomeViewModels */,
			);
			path = ViewModels;
			sourceTree = "<group>";
		};
		006EB56328AB3D0600BB9DCB /* NewsViewModels */ = {
			isa = PBXGroup;
			children = (
				006EB56428AB3D0600BB9DCB /* NewsTableCellViewModel.swift */,
				006EB56528AB3D0600BB9DCB /* DetailedNewsViewModel.swift */,
				006EB56628AB3D0600BB9DCB /* NewsViewModel.swift */,
			);
			path = NewsViewModels;
			sourceTree = "<group>";
		};
		006EB56728AB3D0600BB9DCB /* HomeViewModels */ = {
			isa = PBXGroup;
			children = (
				006EB56828AB3D0600BB9DCB /* RecordInfomationViewModel.swift */,
				006EB56928AB3D0600BB9DCB /* HomeCollectionCellViewModel.swift */,
				006EB56A28AB3D0600BB9DCB /* HomeViewModel.swift */,
				006EB56B28AB3D0600BB9DCB /* HomeHeaderCollectionViewModel.swift */,
			);
			path = HomeViewModels;
			sourceTree = "<group>";
		};
		006EB57428AB3E0000BB9DCB /* Networking */ = {
			isa = PBXGroup;
			children = (
				006EB57528AB3E0000BB9DCB /* Encoding */,
				006EB57928AB3E0000BB9DCB /* Manager */,
				006EB57B28AB3E0000BB9DCB /* NetworkMonitor */,
				006EB57D28AB3E0000BB9DCB /* Endpoint */,
				006EB57F28AB3E0000BB9DCB /* Service */,
			);
			path = Networking;
			sourceTree = "<group>";
		};
		006EB57528AB3E0000BB9DCB /* Encoding */ = {
			isa = PBXGroup;
			children = (
				006EB57628AB3E0000BB9DCB /* ParameterEncoding.swift */,
				006EB57728AB3E0000BB9DCB /* URLParameterEncoder.swift */,
				006EB57828AB3E0000BB9DCB /* JSONParameterEncoder.swift */,
			);
			path = Encoding;
			sourceTree = "<group>";
		};
		006EB57928AB3E0000BB9DCB /* Manager */ = {
			isa = PBXGroup;
			children = (
				006EB57A28AB3E0000BB9DCB /* NetworkManager.swift */,
			);
			path = Manager;
			sourceTree = "<group>";
		};
		006EB57B28AB3E0000BB9DCB /* NetworkMonitor */ = {
			isa = PBXGroup;
			children = (
				006EB57C28AB3E0000BB9DCB /* NetworkMonitor.swift */,
			);
			path = NetworkMonitor;
			sourceTree = "<group>";
		};
		006EB57D28AB3E0000BB9DCB /* Endpoint */ = {
			isa = PBXGroup;
			children = (
				006EB57E28AB3E0000BB9DCB /* BaseEnpoint.swift */,
			);
			path = Endpoint;
			sourceTree = "<group>";
		};
		006EB57F28AB3E0000BB9DCB /* Service */ = {
			isa = PBXGroup;
			children = (
				006EB58028AB3E0000BB9DCB /* HTTPTask.swift */,
				006EB58128AB3E0000BB9DCB /* HTTPMethod.swift */,
				006EB58228AB3E0000BB9DCB /* Router.swift */,
				006EB58328AB3E0000BB9DCB /* NetworkLogger.swift */,
				006EB58428AB3E0000BB9DCB /* EndPointType.swift */,
				006EB58528AB3E0000BB9DCB /* NetworkError.swift */,
				006EB58628AB3E0000BB9DCB /* URLs.swift */,
			);
			path = Service;
			sourceTree = "<group>";
		};
		006EB59428AB3E1B00BB9DCB /* Ulities */ = {
			isa = PBXGroup;
			children = (
				006EB59528AB3E1B00BB9DCB /* AsyncAddOperation.swift */,
				006EB59628AB3E1B00BB9DCB /* Enums.swift */,
				006EB59728AB3E1B00BB9DCB /* Extensions */,
				006EB5A028AB3E1B00BB9DCB /* DataLoadOperation.swift */,
				006EB5A128AB3E1B00BB9DCB /* Keychain */,
				006EB5A528AB3E1B00BB9DCB /* BiometricIDAuth.swift */,
				006EB5A628AB3E1B00BB9DCB /* PublicFunction.swift */,
				006EB5A728AB3E1B00BB9DCB /* SessionTimer.swift */,
			);
			path = Ulities;
			sourceTree = "<group>";
		};
		006EB59728AB3E1B00BB9DCB /* Extensions */ = {
			isa = PBXGroup;
			children = (
				006EB59828AB3E1B00BB9DCB /* UIImage + Extension.swift */,
				006EB59928AB3E1B00BB9DCB /* Double + Extension.swift */,
				006EB59A28AB3E1B00BB9DCB /* UIView + Extension.swift */,
				006EB59B28AB3E1B00BB9DCB /* UserDefaults + Extension.swift */,
				006EB59C28AB3E1B00BB9DCB /* NSObject + Extension.swift */,
				006EB59D28AB3E1B00BB9DCB /* AppDelegate + Extension.swift */,
				006EB59E28AB3E1B00BB9DCB /* String + Extension.swift */,
				006EB59F28AB3E1B00BB9DCB /* Data + Extension.swift */,
			);
			path = Extensions;
			sourceTree = "<group>";
		};
		006EB5A128AB3E1B00BB9DCB /* Keychain */ = {
			isa = PBXGroup;
			children = (
				006EB5A228AB3E1B00BB9DCB /* KeychainError.swift */,
				006EB5A328AB3E1B00BB9DCB /* KeychainQuery.swift */,
				006EB5A428AB3E1B00BB9DCB /* KeychainManager.swift */,
			);
			path = Keychain;
			sourceTree = "<group>";
		};
		006EB5B928AB42E900BB9DCB /* Localizable */ = {
			isa = PBXGroup;
			children = (
				006EB5BA28AB42E900BB9DCB /* LocalizableKeys.swift */,
				006EB5BB28AB42E900BB9DCB /* LocalizableManager.swift */,
				006EB5BC28AB42E900BB9DCB /* Languages.swift */,
			);
			path = Localizable;
			sourceTree = "<group>";
		};
		006EB5C228AB4CE100BB9DCB /* SettingsViewModels */ = {
			isa = PBXGroup;
			children = (
				006EB5C328AB4D1800BB9DCB /* SettingsViewModel.swift */,
			);
			path = SettingsViewModels;
			sourceTree = "<group>";
		};
		124E23B46C2E53A56074661F /* Frameworks */ = {
			isa = PBXGroup;
			children = (
				724ABA61EF127A7D2839E3F8 /* Pods_Art_Project.framework */,
			);
			name = Frameworks;
			sourceTree = "<group>";
		};
		6FD253C87AD4217E43FF910E /* Pods */ = {
			isa = PBXGroup;
			children = (
				C79D637B3166DC845241F7E4 /* Pods-Art-Project.debug.xcconfig */,
				EF049535A091D8C7E9CED3C5 /* Pods-Art-Project.release.xcconfig */,
			);
			path = Pods;
			sourceTree = "<group>";
		};
/* End PBXGroup section */

/* Begin PBXNativeTarget section */
		006EB4E528AB395A00BB9DCB /* Art-Project */ = {
			isa = PBXNativeTarget;
			buildConfigurationList = 006EB4FA28AB395B00BB9DCB /* Build configuration list for PBXNativeTarget "Art-Project" */;
			buildPhases = (
				EB7AB3C51F773B34014AA867 /* [CP] Check Pods Manifest.lock */,
				006EB4E228AB395A00BB9DCB /* Sources */,
				006EB4E328AB395A00BB9DCB /* Frameworks */,
				006EB4E428AB395A00BB9DCB /* Resources */,
				C5E22708938F80B36EDEA421 /* [CP] Embed Pods Frameworks */,
			);
			buildRules = (
			);
			dependencies = (
			);
			name = "Art-Project";
			productName = "Art-Project";
			productReference = 006EB4E628AB395A00BB9DCB /* Art-Project.app */;
			productType = "com.apple.product-type.application";
		};
/* End PBXNativeTarget section */

/* Begin PBXProject section */
		006EB4DE28AB395A00BB9DCB /* Project object */ = {
			isa = PBXProject;
			attributes = {
				BuildIndependentTargetsInParallel = 1;
				LastSwiftUpdateCheck = 1320;
				LastUpgradeCheck = 1320;
				TargetAttributes = {
					006EB4E528AB395A00BB9DCB = {
						CreatedOnToolsVersion = 13.2.1;
					};
				};
			};
			buildConfigurationList = 006EB4E128AB395A00BB9DCB /* Build configuration list for PBXProject "Art-Project" */;
			compatibilityVersion = "Xcode 13.0";
			developmentRegion = en;
			hasScannedForEncodings = 0;
			knownRegions = (
				en,
				Base,
				ja,
			);
			mainGroup = 006EB4DD28AB395A00BB9DCB;
			productRefGroup = 006EB4E728AB395A00BB9DCB /* Products */;
			projectDirPath = "";
			projectRoot = "";
			targets = (
				006EB4E528AB395A00BB9DCB /* Art-Project */,
			);
		};
/* End PBXProject section */

/* Begin PBXResourcesBuildPhase section */
		006EB4E428AB395A00BB9DCB /* Resources */ = {
			isa = PBXResourcesBuildPhase;
			buildActionMask = 2147483647;
			files = (
				006EB4F628AB395B00BB9DCB /* LaunchScreen.storyboard in Resources */,
				006EB4F328AB395B00BB9DCB /* Assets.xcassets in Resources */,
				0065156328ADD9ED0043BEA7 /* GoogleService-Info.plist in Resources */,
			);
			runOnlyForDeploymentPostprocessing = 0;
		};
/* End PBXResourcesBuildPhase section */

/* Begin PBXShellScriptBuildPhase section */
		C5E22708938F80B36EDEA421 /* [CP] Embed Pods Frameworks */ = {
			isa = PBXShellScriptBuildPhase;
			buildActionMask = 2147483647;
			files = (
			);
			inputFileListPaths = (
				"${PODS_ROOT}/Target Support Files/Pods-Art-Project/Pods-Art-Project-frameworks-${CONFIGURATION}-input-files.xcfilelist",
			);
			name = "[CP] Embed Pods Frameworks";
			outputFileListPaths = (
				"${PODS_ROOT}/Target Support Files/Pods-Art-Project/Pods-Art-Project-frameworks-${CONFIGURATION}-output-files.xcfilelist",
			);
			runOnlyForDeploymentPostprocessing = 0;
			shellPath = /bin/sh;
			shellScript = "\"${PODS_ROOT}/Target Support Files/Pods-Art-Project/Pods-Art-Project-frameworks.sh\"\n";
			showEnvVarsInLog = 0;
		};
		EB7AB3C51F773B34014AA867 /* [CP] Check Pods Manifest.lock */ = {
			isa = PBXShellScriptBuildPhase;
			buildActionMask = 2147483647;
			files = (
			);
			inputFileListPaths = (
			);
			inputPaths = (
				"${PODS_PODFILE_DIR_PATH}/Podfile.lock",
				"${PODS_ROOT}/Manifest.lock",
			);
			name = "[CP] Check Pods Manifest.lock";
			outputFileListPaths = (
			);
			outputPaths = (
				"$(DERIVED_FILE_DIR)/Pods-Art-Project-checkManifestLockResult.txt",
			);
			runOnlyForDeploymentPostprocessing = 0;
			shellPath = /bin/sh;
			shellScript = "diff \"${PODS_PODFILE_DIR_PATH}/Podfile.lock\" \"${PODS_ROOT}/Manifest.lock\" > /dev/null\nif [ $? != 0 ] ; then\n    # print error to STDERR\n    echo \"error: The sandbox is not in sync with the Podfile.lock. Run 'pod install' or update your CocoaPods installation.\" >&2\n    exit 1\nfi\n# This output is used by Xcode 'outputs' to avoid re-running this script phase.\necho \"SUCCESS\" > \"${SCRIPT_OUTPUT_FILE_0}\"\n";
			showEnvVarsInLog = 0;
		};
/* End PBXShellScriptBuildPhase section */

/* Begin PBXSourcesBuildPhase section */
		006EB4E228AB395A00BB9DCB /* Sources */ = {
			isa = PBXSourcesBuildPhase;
			buildActionMask = 2147483647;
			files = (
				006EB55C28AB3CFC00BB9DCB /* Media.swift in Sources */,
				006EB58B28AB3E0000BB9DCB /* NetworkMonitor.swift in Sources */,
				006EB54B28AB3CF100BB9DCB /* SignUpViewController.swift in Sources */,
				006EB59328AB3E0000BB9DCB /* URLs.swift in Sources */,
				006EB54328AB3CF100BB9DCB /* BaseNavigationController.swift in Sources */,
				006EB55928AB3CFC00BB9DCB /* JSONNull.swift in Sources */,
				006EB5A828AB3E1B00BB9DCB /* AsyncAddOperation.swift in Sources */,
				006EB58A28AB3E0000BB9DCB /* NetworkManager.swift in Sources */,
				006EB51628AB3CE300BB9DCB /* ColorPalletCollectionCell.swift in Sources */,
				006EB5B528AB3E1B00BB9DCB /* KeychainManager.swift in Sources */,
				006EB57228AB3D0600BB9DCB /* HomeViewModel.swift in Sources */,
				006EB5B628AB3E1B00BB9DCB /* BiometricIDAuth.swift in Sources */,
				006EB5AB28AB3E1B00BB9DCB /* Double + Extension.swift in Sources */,
				006EB55D28AB3CFC00BB9DCB /* DetailedNewsModel.swift in Sources */,
				006EB59228AB3E0000BB9DCB /* NetworkError.swift in Sources */,
				006EB51A28AB3CE300BB9DCB /* SlideInPresentationAnimator.swift in Sources */,
				006EB58828AB3E0000BB9DCB /* URLParameterEncoder.swift in Sources */,
				006EB56F28AB3D0600BB9DCB /* NewsViewModel.swift in Sources */,
				006EB5AA28AB3E1B00BB9DCB /* UIImage + Extension.swift in Sources */,
				006EB5BE28AB42E900BB9DCB /* LocalizableManager.swift in Sources */,
				006EB58F28AB3E0000BB9DCB /* Router.swift in Sources */,
				006EB51D28AB3CE300BB9DCB /* HomeHeaderCollectionView.swift in Sources */,
				006EB54928AB3CF100BB9DCB /* GraphViewController.swift in Sources */,
				006EB54728AB3CF100BB9DCB /* HomeViewController.swift in Sources */,
				006EB5B228AB3E1B00BB9DCB /* DataLoadOperation.swift in Sources */,
				006EB51428AB3CE300BB9DCB /* HomeCollectionView.swift in Sources */,
				006EB5AD28AB3E1B00BB9DCB /* UserDefaults + Extension.swift in Sources */,
				006EB58D28AB3E0000BB9DCB /* HTTPTask.swift in Sources */,
				006EB50128AB3C6C00BB9DCB /* MyApplication.swift in Sources */,
				006EB51828AB3CE300BB9DCB /* CustomTabBar.swift in Sources */,
				006EB59028AB3E0000BB9DCB /* NetworkLogger.swift in Sources */,
				006EB55E28AB3CFC00BB9DCB /* AudioModel.swift in Sources */,
				006EB5AF28AB3E1B00BB9DCB /* AppDelegate + Extension.swift in Sources */,
				006EB5B128AB3E1B00BB9DCB /* Data + Extension.swift in Sources */,
				006EB56E28AB3D0600BB9DCB /* DetailedNewsViewModel.swift in Sources */,
				006EB5B328AB3E1B00BB9DCB /* KeychainError.swift in Sources */,
				006EB55B28AB3CFC00BB9DCB /* HardvardMuseumObjectModel.swift in Sources */,
				006EB4EA28AB395A00BB9DCB /* AppDelegate.swift in Sources */,
				006EB57328AB3D0600BB9DCB /* HomeHeaderCollectionViewModel.swift in Sources */,
				006EB51B28AB3CE300BB9DCB /* SlideInPresentationManager.swift in Sources */,
				0065156628ADE0450043BEA7 /* SignUpViewModel.swift in Sources */,
				006EB54128AB3CF100BB9DCB /* BaseTabBarController.swift in Sources */,
				006EB5C428AB4D1800BB9DCB /* SettingsViewModel.swift in Sources */,
				006EB57028AB3D0600BB9DCB /* RecordInfomationViewModel.swift in Sources */,
				006EB5AE28AB3E1B00BB9DCB /* NSObject + Extension.swift in Sources */,
				006EB51728AB3CE300BB9DCB /* Loader.swift in Sources */,
				006EB51E28AB3CE300BB9DCB /* CustomTextView.swift in Sources */,
				006EB58E28AB3E0000BB9DCB /* HTTPMethod.swift in Sources */,
				006EB51528AB3CE300BB9DCB /* NewsTableCell.swift in Sources */,
				006EB4EC28AB395A00BB9DCB /* SceneDelegate.swift in Sources */,
				006EB51928AB3CE300BB9DCB /* VerticalSlider.swift in Sources */,
				006EB4FF28AB3C4200BB9DCB /* main.swift in Sources */,
				006EB54828AB3CF100BB9DCB /* RecordInformationViewController.swift in Sources */,
				006EB5B428AB3E1B00BB9DCB /* KeychainQuery.swift in Sources */,
				006EB51228AB3CE300BB9DCB /* TopGradientCurvedView.swift in Sources */,
				006EB59128AB3E0000BB9DCB /* EndPointType.swift in Sources */,
				006EB5B828AB3E1B00BB9DCB /* SessionTimer.swift in Sources */,
				006EB54428AB3CF100BB9DCB /* SideBarViewController.swift in Sources */,
				006EB55A28AB3CFC00BB9DCB /* HardvardMuseumPersonModel.swift in Sources */,
				006EB57128AB3D0600BB9DCB /* HomeCollectionCellViewModel.swift in Sources */,
				006EB51C28AB3CE300BB9DCB /* SlideInPresentationController.swift in Sources */,
				006EB5A928AB3E1B00BB9DCB /* Enums.swift in Sources */,
				006EB54628AB3CF100BB9DCB /* SettingsViewController.swift in Sources */,
				006EB54228AB3CF100BB9DCB /* BaseViewController.swift in Sources */,
				006EB51328AB3CE300BB9DCB /* CustomCircleSlider.swift in Sources */,
				006EB5BD28AB42E900BB9DCB /* LocalizableKeys.swift in Sources */,
				006EB58728AB3E0000BB9DCB /* ParameterEncoding.swift in Sources */,
				006EB5BF28AB42E900BB9DCB /* Languages.swift in Sources */,
				006EB54C28AB3CF100BB9DCB /* LoginViewController.swift in Sources */,
				006EB53E28AB3CF100BB9DCB /* NewsViewController.swift in Sources */,
				006EB5AC28AB3E1B00BB9DCB /* UIView + Extension.swift in Sources */,
				006EB58C28AB3E0000BB9DCB /* BaseEnpoint.swift in Sources */,
				006EB58928AB3E0000BB9DCB /* JSONParameterEncoder.swift in Sources */,
				006EB53D28AB3CF100BB9DCB /* DetailedNewsViewController.swift in Sources */,
				006EB5B728AB3E1B00BB9DCB /* PublicFunction.swift in Sources */,
				006EB5B028AB3E1B00BB9DCB /* String + Extension.swift in Sources */,
				006EB56D28AB3D0600BB9DCB /* NewsTableCellViewModel.swift in Sources */,
				006EB53B28AB3CF100BB9DCB /* ArtAudioViewController.swift in Sources */,
			);
			runOnlyForDeploymentPostprocessing = 0;
		};
/* End PBXSourcesBuildPhase section */

/* Begin PBXVariantGroup section */
		006EB4F428AB395B00BB9DCB /* LaunchScreen.storyboard */ = {
			isa = PBXVariantGroup;
			children = (
				006EB4F528AB395B00BB9DCB /* Base */,
				006EB5C028AB43F300BB9DCB /* ja */,
			);
			name = LaunchScreen.storyboard;
			sourceTree = "<group>";
		};
/* End PBXVariantGroup section */

/* Begin XCBuildConfiguration section */
		006EB4F828AB395B00BB9DCB /* Debug */ = {
			isa = XCBuildConfiguration;
			buildSettings = {
				ALWAYS_SEARCH_USER_PATHS = NO;
				CLANG_ANALYZER_LOCALIZABILITY_NONLOCALIZED = YES;
				CLANG_ANALYZER_NONNULL = YES;
				CLANG_ANALYZER_NUMBER_OBJECT_CONVERSION = YES_AGGRESSIVE;
				CLANG_CXX_LANGUAGE_STANDARD = "gnu++17";
				CLANG_CXX_LIBRARY = "libc++";
				CLANG_ENABLE_MODULES = YES;
				CLANG_ENABLE_OBJC_ARC = YES;
				CLANG_ENABLE_OBJC_WEAK = YES;
				CLANG_WARN_BLOCK_CAPTURE_AUTORELEASING = YES;
				CLANG_WARN_BOOL_CONVERSION = YES;
				CLANG_WARN_COMMA = YES;
				CLANG_WARN_CONSTANT_CONVERSION = YES;
				CLANG_WARN_DEPRECATED_OBJC_IMPLEMENTATIONS = YES;
				CLANG_WARN_DIRECT_OBJC_ISA_USAGE = YES_ERROR;
				CLANG_WARN_DOCUMENTATION_COMMENTS = YES;
				CLANG_WARN_EMPTY_BODY = YES;
				CLANG_WARN_ENUM_CONVERSION = YES;
				CLANG_WARN_INFINITE_RECURSION = YES;
				CLANG_WARN_INT_CONVERSION = YES;
				CLANG_WARN_NON_LITERAL_NULL_CONVERSION = YES;
				CLANG_WARN_OBJC_IMPLICIT_RETAIN_SELF = YES;
				CLANG_WARN_OBJC_LITERAL_CONVERSION = YES;
				CLANG_WARN_OBJC_ROOT_CLASS = YES_ERROR;
				CLANG_WARN_QUOTED_INCLUDE_IN_FRAMEWORK_HEADER = YES;
				CLANG_WARN_RANGE_LOOP_ANALYSIS = YES;
				CLANG_WARN_STRICT_PROTOTYPES = YES;
				CLANG_WARN_SUSPICIOUS_MOVE = YES;
				CLANG_WARN_UNGUARDED_AVAILABILITY = YES_AGGRESSIVE;
				CLANG_WARN_UNREACHABLE_CODE = YES;
				CLANG_WARN__DUPLICATE_METHOD_MATCH = YES;
				COPY_PHASE_STRIP = NO;
				DEBUG_INFORMATION_FORMAT = dwarf;
				ENABLE_STRICT_OBJC_MSGSEND = YES;
				ENABLE_TESTABILITY = YES;
				GCC_C_LANGUAGE_STANDARD = gnu11;
				GCC_DYNAMIC_NO_PIC = NO;
				GCC_NO_COMMON_BLOCKS = YES;
				GCC_OPTIMIZATION_LEVEL = 0;
				GCC_PREPROCESSOR_DEFINITIONS = (
					"DEBUG=1",
					"$(inherited)",
				);
				GCC_WARN_64_TO_32_BIT_CONVERSION = YES;
				GCC_WARN_ABOUT_RETURN_TYPE = YES_ERROR;
				GCC_WARN_UNDECLARED_SELECTOR = YES;
				GCC_WARN_UNINITIALIZED_AUTOS = YES_AGGRESSIVE;
				GCC_WARN_UNUSED_FUNCTION = YES;
				GCC_WARN_UNUSED_VARIABLE = YES;
				IPHONEOS_DEPLOYMENT_TARGET = 15.2;
				MTL_ENABLE_DEBUG_INFO = INCLUDE_SOURCE;
				MTL_FAST_MATH = YES;
				ONLY_ACTIVE_ARCH = YES;
				SDKROOT = iphoneos;
				SWIFT_ACTIVE_COMPILATION_CONDITIONS = DEBUG;
				SWIFT_OPTIMIZATION_LEVEL = "-Onone";
			};
			name = Debug;
		};
		006EB4F928AB395B00BB9DCB /* Release */ = {
			isa = XCBuildConfiguration;
			buildSettings = {
				ALWAYS_SEARCH_USER_PATHS = NO;
				CLANG_ANALYZER_LOCALIZABILITY_NONLOCALIZED = YES;
				CLANG_ANALYZER_NONNULL = YES;
				CLANG_ANALYZER_NUMBER_OBJECT_CONVERSION = YES_AGGRESSIVE;
				CLANG_CXX_LANGUAGE_STANDARD = "gnu++17";
				CLANG_CXX_LIBRARY = "libc++";
				CLANG_ENABLE_MODULES = YES;
				CLANG_ENABLE_OBJC_ARC = YES;
				CLANG_ENABLE_OBJC_WEAK = YES;
				CLANG_WARN_BLOCK_CAPTURE_AUTORELEASING = YES;
				CLANG_WARN_BOOL_CONVERSION = YES;
				CLANG_WARN_COMMA = YES;
				CLANG_WARN_CONSTANT_CONVERSION = YES;
				CLANG_WARN_DEPRECATED_OBJC_IMPLEMENTATIONS = YES;
				CLANG_WARN_DIRECT_OBJC_ISA_USAGE = YES_ERROR;
				CLANG_WARN_DOCUMENTATION_COMMENTS = YES;
				CLANG_WARN_EMPTY_BODY = YES;
				CLANG_WARN_ENUM_CONVERSION = YES;
				CLANG_WARN_INFINITE_RECURSION = YES;
				CLANG_WARN_INT_CONVERSION = YES;
				CLANG_WARN_NON_LITERAL_NULL_CONVERSION = YES;
				CLANG_WARN_OBJC_IMPLICIT_RETAIN_SELF = YES;
				CLANG_WARN_OBJC_LITERAL_CONVERSION = YES;
				CLANG_WARN_OBJC_ROOT_CLASS = YES_ERROR;
				CLANG_WARN_QUOTED_INCLUDE_IN_FRAMEWORK_HEADER = YES;
				CLANG_WARN_RANGE_LOOP_ANALYSIS = YES;
				CLANG_WARN_STRICT_PROTOTYPES = YES;
				CLANG_WARN_SUSPICIOUS_MOVE = YES;
				CLANG_WARN_UNGUARDED_AVAILABILITY = YES_AGGRESSIVE;
				CLANG_WARN_UNREACHABLE_CODE = YES;
				CLANG_WARN__DUPLICATE_METHOD_MATCH = YES;
				COPY_PHASE_STRIP = NO;
				DEBUG_INFORMATION_FORMAT = "dwarf-with-dsym";
				ENABLE_NS_ASSERTIONS = NO;
				ENABLE_STRICT_OBJC_MSGSEND = YES;
				GCC_C_LANGUAGE_STANDARD = gnu11;
				GCC_NO_COMMON_BLOCKS = YES;
				GCC_WARN_64_TO_32_BIT_CONVERSION = YES;
				GCC_WARN_ABOUT_RETURN_TYPE = YES_ERROR;
				GCC_WARN_UNDECLARED_SELECTOR = YES;
				GCC_WARN_UNINITIALIZED_AUTOS = YES_AGGRESSIVE;
				GCC_WARN_UNUSED_FUNCTION = YES;
				GCC_WARN_UNUSED_VARIABLE = YES;
				IPHONEOS_DEPLOYMENT_TARGET = 15.2;
				MTL_ENABLE_DEBUG_INFO = NO;
				MTL_FAST_MATH = YES;
				SDKROOT = iphoneos;
				SWIFT_COMPILATION_MODE = wholemodule;
				SWIFT_OPTIMIZATION_LEVEL = "-O";
				VALIDATE_PRODUCT = YES;
			};
			name = Release;
		};
		006EB4FB28AB395B00BB9DCB /* Debug */ = {
			isa = XCBuildConfiguration;
			baseConfigurationReference = C79D637B3166DC845241F7E4 /* Pods-Art-Project.debug.xcconfig */;
			buildSettings = {
				ASSETCATALOG_COMPILER_APPICON_NAME = AppIcon;
				ASSETCATALOG_COMPILER_GLOBAL_ACCENT_COLOR_NAME = AccentColor;
				CODE_SIGN_STYLE = Automatic;
				CURRENT_PROJECT_VERSION = 1;
				DEVELOPMENT_TEAM = 6JJ3HPPD4J;
				GENERATE_INFOPLIST_FILE = YES;
				INFOPLIST_FILE = "Art-Project/Resources/Info.plist";
				INFOPLIST_KEY_UIApplicationSupportsIndirectInputEvents = YES;
				INFOPLIST_KEY_UILaunchStoryboardName = LaunchScreen;
				INFOPLIST_KEY_UISupportedInterfaceOrientations_iPad = "UIInterfaceOrientationPortrait UIInterfaceOrientationPortraitUpsideDown UIInterfaceOrientationLandscapeLeft UIInterfaceOrientationLandscapeRight";
				INFOPLIST_KEY_UISupportedInterfaceOrientations_iPhone = "UIInterfaceOrientationPortrait UIInterfaceOrientationLandscapeLeft UIInterfaceOrientationLandscapeRight";
				LD_RUNPATH_SEARCH_PATHS = (
					"$(inherited)",
					"@executable_path/Frameworks",
				);
				MARKETING_VERSION = 1.0;
				PRODUCT_BUNDLE_IDENTIFIER = "tamnm-minerva.vn.Art-Project";
				PRODUCT_NAME = "$(TARGET_NAME)";
				SWIFT_EMIT_LOC_STRINGS = YES;
				SWIFT_VERSION = 5.0;
				TARGETED_DEVICE_FAMILY = "1,2";
			};
			name = Debug;
		};
		006EB4FC28AB395B00BB9DCB /* Release */ = {
			isa = XCBuildConfiguration;
			baseConfigurationReference = EF049535A091D8C7E9CED3C5 /* Pods-Art-Project.release.xcconfig */;
			buildSettings = {
				ASSETCATALOG_COMPILER_APPICON_NAME = AppIcon;
				ASSETCATALOG_COMPILER_GLOBAL_ACCENT_COLOR_NAME = AccentColor;
				CODE_SIGN_STYLE = Automatic;
				CURRENT_PROJECT_VERSION = 1;
				DEVELOPMENT_TEAM = 6JJ3HPPD4J;
				GENERATE_INFOPLIST_FILE = YES;
				INFOPLIST_FILE = "Art-Project/Resources/Info.plist";
				INFOPLIST_KEY_UIApplicationSupportsIndirectInputEvents = YES;
				INFOPLIST_KEY_UILaunchStoryboardName = LaunchScreen;
				INFOPLIST_KEY_UISupportedInterfaceOrientations_iPad = "UIInterfaceOrientationPortrait UIInterfaceOrientationPortraitUpsideDown UIInterfaceOrientationLandscapeLeft UIInterfaceOrientationLandscapeRight";
				INFOPLIST_KEY_UISupportedInterfaceOrientations_iPhone = "UIInterfaceOrientationPortrait UIInterfaceOrientationLandscapeLeft UIInterfaceOrientationLandscapeRight";
				LD_RUNPATH_SEARCH_PATHS = (
					"$(inherited)",
					"@executable_path/Frameworks",
				);
				MARKETING_VERSION = 1.0;
				PRODUCT_BUNDLE_IDENTIFIER = "tamnm-minerva.vn.Art-Project";
				PRODUCT_NAME = "$(TARGET_NAME)";
				SWIFT_EMIT_LOC_STRINGS = YES;
				SWIFT_VERSION = 5.0;
				TARGETED_DEVICE_FAMILY = "1,2";
			};
			name = Release;
		};
/* End XCBuildConfiguration section */

/* Begin XCConfigurationList section */
		006EB4E128AB395A00BB9DCB /* Build configuration list for PBXProject "Art-Project" */ = {
			isa = XCConfigurationList;
			buildConfigurations = (
				006EB4F828AB395B00BB9DCB /* Debug */,
				006EB4F928AB395B00BB9DCB /* Release */,
			);
			defaultConfigurationIsVisible = 0;
			defaultConfigurationName = Release;
		};
		006EB4FA28AB395B00BB9DCB /* Build configuration list for PBXNativeTarget "Art-Project" */ = {
			isa = XCConfigurationList;
			buildConfigurations = (
				006EB4FB28AB395B00BB9DCB /* Debug */,
				006EB4FC28AB395B00BB9DCB /* Release */,
			);
			defaultConfigurationIsVisible = 0;
			defaultConfigurationName = Release;
		};
/* End XCConfigurationList section */
	};
	rootObject = 006EB4DE28AB395A00BB9DCB /* Project object */;
}
