// !$*UTF8*$!
{
	archiveVersion = 1;
	classes = {
	};
	objectVersion = 55;
	objects = {

/* Begin PBXBuildFile section */
		006EB4EA28AB395A00BB9DCB /* AppDelegate.swift in Sources */ = {isa = PBXBuildFile; fileRef = 006EB4E928AB395A00BB9DCB /* AppDelegate.swift */; };
		006EB4EC28AB395A00BB9DCB /* SceneDelegate.swift in Sources */ = {isa = PBXBuildFile; fileRef = 006EB4EB28AB395A00BB9DCB /* SceneDelegate.swift */; };
		006EB4EE28AB395A00BB9DCB /* ViewController.swift in Sources */ = {isa = PBXBuildFile; fileRef = 006EB4ED28AB395A00BB9DCB /* ViewController.swift */; };
		006EB4F128AB395A00BB9DCB /* Main.storyboard in Resources */ = {isa = PBXBuildFile; fileRef = 006EB4EF28AB395A00BB9DCB /* Main.storyboard */; };
		006EB4F328AB395B00BB9DCB /* Assets.xcassets in Resources */ = {isa = PBXBuildFile; fileRef = 006EB4F228AB395B00BB9DCB /* Assets.xcassets */; };
		006EB4F628AB395B00BB9DCB /* LaunchScreen.storyboard in Resources */ = {isa = PBXBuildFile; fileRef = 006EB4F428AB395B00BB9DCB /* LaunchScreen.storyboard */; };
		8098C6A6256981BBA3BBE5EF /* Pods_Art_Project.framework in Frameworks */ = {isa = PBXBuildFile; fileRef = 724ABA61EF127A7D2839E3F8 /* Pods_Art_Project.framework */; };
/* End PBXBuildFile section */

/* Begin PBXFileReference section */
		006EB4E628AB395A00BB9DCB /* Art-Project.app */ = {isa = PBXFileReference; explicitFileType = wrapper.application; includeInIndex = 0; path = "Art-Project.app"; sourceTree = BUILT_PRODUCTS_DIR; };
		006EB4E928AB395A00BB9DCB /* AppDelegate.swift */ = {isa = PBXFileReference; lastKnownFileType = sourcecode.swift; path = AppDelegate.swift; sourceTree = "<group>"; };
		006EB4EB28AB395A00BB9DCB /* SceneDelegate.swift */ = {isa = PBXFileReference; lastKnownFileType = sourcecode.swift; path = SceneDelegate.swift; sourceTree = "<group>"; };
		006EB4ED28AB395A00BB9DCB /* ViewController.swift */ = {isa = PBXFileReference; lastKnownFileType = sourcecode.swift; path = ViewController.swift; sourceTree = "<group>"; };
		006EB4F028AB395A00BB9DCB /* Base */ = {isa = PBXFileReference; lastKnownFileType = file.storyboard; name = Base; path = Base.lproj/Main.storyboard; sourceTree = "<group>"; };
		006EB4F228AB395B00BB9DCB /* Assets.xcassets */ = {isa = PBXFileReference; lastKnownFileType = folder.assetcatalog; path = Assets.xcassets; sourceTree = "<group>"; };
		006EB4F528AB395B00BB9DCB /* Base */ = {isa = PBXFileReference; lastKnownFileType = file.storyboard; name = Base; path = Base.lproj/LaunchScreen.storyboard; sourceTree = "<group>"; };
		006EB4F728AB395B00BB9DCB /* Info.plist */ = {isa = PBXFileReference; lastKnownFileType = text.plist.xml; path = Info.plist; sourceTree = "<group>"; };
		724ABA61EF127A7D2839E3F8 /* Pods_Art_Project.framework */ = {isa = PBXFileReference; explicitFileType = wrapper.framework; includeInIndex = 0; path = Pods_Art_Project.framework; sourceTree = BUILT_PRODUCTS_DIR; };
		C79D637B3166DC845241F7E4 /* Pods-Art-Project.debug.xcconfig */ = {isa = PBXFileReference; includeInIndex = 1; lastKnownFileType = text.xcconfig; name = "Pods-Art-Project.debug.xcconfig"; path = "Target Support Files/Pods-Art-Project/Pods-Art-Project.debug.xcconfig"; sourceTree = "<group>"; };
		EF049535A091D8C7E9CED3C5 /* Pods-Art-Project.release.xcconfig */ = {isa = PBXFileReference; includeInIndex = 1; lastKnownFileType = text.xcconfig; name = "Pods-Art-Project.release.xcconfig"; path = "Target Support Files/Pods-Art-Project/Pods-Art-Project.release.xcconfig"; sourceTree = "<group>"; };
/* End PBXFileReference section */

/* Begin PBXFrameworksBuildPhase section */
		006EB4E328AB395A00BB9DCB /* Frameworks */ = {
			isa = PBXFrameworksBuildPhase;
			buildActionMask = 2147483647;
			files = (
				8098C6A6256981BBA3BBE5EF /* Pods_Art_Project.framework in Frameworks */,
			);
			runOnlyForDeploymentPostprocessing = 0;
		};
/* End PBXFrameworksBuildPhase section */

/* Begin PBXGroup section */
		006EB4DD28AB395A00BB9DCB = {
			isa = PBXGroup;
			children = (
				006EB4E828AB395A00BB9DCB /* Art-Project */,
				006EB4E728AB395A00BB9DCB /* Products */,
				6FD253C87AD4217E43FF910E /* Pods */,
				124E23B46C2E53A56074661F /* Frameworks */,
			);
			sourceTree = "<group>";
		};
		006EB4E728AB395A00BB9DCB /* Products */ = {
			isa = PBXGroup;
			children = (
				006EB4E628AB395A00BB9DCB /* Art-Project.app */,
			);
			name = Products;
			sourceTree = "<group>";
		};
		006EB4E828AB395A00BB9DCB /* Art-Project */ = {
			isa = PBXGroup;
			children = (
				006EB4E928AB395A00BB9DCB /* AppDelegate.swift */,
				006EB4EB28AB395A00BB9DCB /* SceneDelegate.swift */,
				006EB4ED28AB395A00BB9DCB /* ViewController.swift */,
				006EB4EF28AB395A00BB9DCB /* Main.storyboard */,
				006EB4F228AB395B00BB9DCB /* Assets.xcassets */,
				006EB4F428AB395B00BB9DCB /* LaunchScreen.storyboard */,
				006EB4F728AB395B00BB9DCB /* Info.plist */,
			);
			path = "Art-Project";
			sourceTree = "<group>";
		};
		124E23B46C2E53A56074661F /* Frameworks */ = {
			isa = PBXGroup;
			children = (
				724ABA61EF127A7D2839E3F8 /* Pods_Art_Project.framework */,
			);
			name = Frameworks;
			sourceTree = "<group>";
		};
		6FD253C87AD4217E43FF910E /* Pods */ = {
			isa = PBXGroup;
			children = (
				C79D637B3166DC845241F7E4 /* Pods-Art-Project.debug.xcconfig */,
				EF049535A091D8C7E9CED3C5 /* Pods-Art-Project.release.xcconfig */,
			);
			name = Pods;
			path = Pods;
			sourceTree = "<group>";
		};
/* End PBXGroup section */

/* Begin PBXNativeTarget section */
		006EB4E528AB395A00BB9DCB /* Art-Project */ = {
			isa = PBXNativeTarget;
			buildConfigurationList = 006EB4FA28AB395B00BB9DCB /* Build configuration list for PBXNativeTarget "Art-Project" */;
			buildPhases = (
				EB7AB3C51F773B34014AA867 /* [CP] Check Pods Manifest.lock */,
				006EB4E228AB395A00BB9DCB /* Sources */,
				006EB4E328AB395A00BB9DCB /* Frameworks */,
				006EB4E428AB395A00BB9DCB /* Resources */,
				C5E22708938F80B36EDEA421 /* [CP] Embed Pods Frameworks */,
			);
			buildRules = (
			);
			dependencies = (
			);
			name = "Art-Project";
			productName = "Art-Project";
			productReference = 006EB4E628AB395A00BB9DCB /* Art-Project.app */;
			productType = "com.apple.product-type.application";
		};
/* End PBXNativeTarget section */

/* Begin PBXProject section */
		006EB4DE28AB395A00BB9DCB /* Project object */ = {
			isa = PBXProject;
			attributes = {
				BuildIndependentTargetsInParallel = 1;
				LastSwiftUpdateCheck = 1320;
				LastUpgradeCheck = 1320;
				TargetAttributes = {
					006EB4E528AB395A00BB9DCB = {
						CreatedOnToolsVersion = 13.2.1;
					};
				};
			};
			buildConfigurationList = 006EB4E128AB395A00BB9DCB /* Build configuration list for PBXProject "Art-Project" */;
			compatibilityVersion = "Xcode 13.0";
			developmentRegion = en;
			hasScannedForEncodings = 0;
			knownRegions = (
				en,
				Base,
			);
			mainGroup = 006EB4DD28AB395A00BB9DCB;
			productRefGroup = 006EB4E728AB395A00BB9DCB /* Products */;
			projectDirPath = "";
			projectRoot = "";
			targets = (
				006EB4E528AB395A00BB9DCB /* Art-Project */,
			);
		};
/* End PBXProject section */

/* Begin PBXResourcesBuildPhase section */
		006EB4E428AB395A00BB9DCB /* Resources */ = {
			isa = PBXResourcesBuildPhase;
			buildActionMask = 2147483647;
			files = (
				006EB4F628AB395B00BB9DCB /* LaunchScreen.storyboard in Resources */,
				006EB4F328AB395B00BB9DCB /* Assets.xcassets in Resources */,
				006EB4F128AB395A00BB9DCB /* Main.storyboard in Resources */,
			);
			runOnlyForDeploymentPostprocessing = 0;
		};
/* End PBXResourcesBuildPhase section */

/* Begin PBXShellScriptBuildPhase section */
		C5E22708938F80B36EDEA421 /* [CP] Embed Pods Frameworks */ = {
			isa = PBXShellScriptBuildPhase;
			buildActionMask = 2147483647;
			files = (
			);
			inputFileListPaths = (
				"${PODS_ROOT}/Target Support Files/Pods-Art-Project/Pods-Art-Project-frameworks-${CONFIGURATION}-input-files.xcfilelist",
			);
			name = "[CP] Embed Pods Frameworks";
			outputFileListPaths = (
				"${PODS_ROOT}/Target Support Files/Pods-Art-Project/Pods-Art-Project-frameworks-${CONFIGURATION}-output-files.xcfilelist",
			);
			runOnlyForDeploymentPostprocessing = 0;
			shellPath = /bin/sh;
			shellScript = "\"${PODS_ROOT}/Target Support Files/Pods-Art-Project/Pods-Art-Project-frameworks.sh\"\n";
			showEnvVarsInLog = 0;
		};
		EB7AB3C51F773B34014AA867 /* [CP] Check Pods Manifest.lock */ = {
			isa = PBXShellScriptBuildPhase;
			buildActionMask = 2147483647;
			files = (
			);
			inputFileListPaths = (
			);
			inputPaths = (
				"${PODS_PODFILE_DIR_PATH}/Podfile.lock",
				"${PODS_ROOT}/Manifest.lock",
			);
			name = "[CP] Check Pods Manifest.lock";
			outputFileListPaths = (
			);
			outputPaths = (
				"$(DERIVED_FILE_DIR)/Pods-Art-Project-checkManifestLockResult.txt",
			);
			runOnlyForDeploymentPostprocessing = 0;
			shellPath = /bin/sh;
			shellScript = "diff \"${PODS_PODFILE_DIR_PATH}/Podfile.lock\" \"${PODS_ROOT}/Manifest.lock\" > /dev/null\nif [ $? != 0 ] ; then\n    # print error to STDERR\n    echo \"error: The sandbox is not in sync with the Podfile.lock. Run 'pod install' or update your CocoaPods installation.\" >&2\n    exit 1\nfi\n# This output is used by Xcode 'outputs' to avoid re-running this script phase.\necho \"SUCCESS\" > \"${SCRIPT_OUTPUT_FILE_0}\"\n";
			showEnvVarsInLog = 0;
		};
/* End PBXShellScriptBuildPhase section */

/* Begin PBXSourcesBuildPhase section */
		006EB4E228AB395A00BB9DCB /* Sources */ = {
			isa = PBXSourcesBuildPhase;
			buildActionMask = 2147483647;
			files = (
				006EB4EE28AB395A00BB9DCB /* ViewController.swift in Sources */,
				006EB4EA28AB395A00BB9DCB /* AppDelegate.swift in Sources */,
				006EB4EC28AB395A00BB9DCB /* SceneDelegate.swift in Sources */,
			);
			runOnlyForDeploymentPostprocessing = 0;
		};
/* End PBXSourcesBuildPhase section */

/* Begin PBXVariantGroup section */
		006EB4EF28AB395A00BB9DCB /* Main.storyboard */ = {
			isa = PBXVariantGroup;
			children = (
				006EB4F028AB395A00BB9DCB /* Base */,
			);
			name = Main.storyboard;
			sourceTree = "<group>";
		};
		006EB4F428AB395B00BB9DCB /* LaunchScreen.storyboard */ = {
			isa = PBXVariantGroup;
			children = (
				006EB4F528AB395B00BB9DCB /* Base */,
			);
			name = LaunchScreen.storyboard;
			sourceTree = "<group>";
		};
/* End PBXVariantGroup section */

/* Begin XCBuildConfiguration section */
		006EB4F828AB395B00BB9DCB /* Debug */ = {
			isa = XCBuildConfiguration;
			buildSettings = {
				ALWAYS_SEARCH_USER_PATHS = NO;
				CLANG_ANALYZER_NONNULL = YES;
				CLANG_ANALYZER_NUMBER_OBJECT_CONVERSION = YES_AGGRESSIVE;
				CLANG_CXX_LANGUAGE_STANDARD = "gnu++17";
				CLANG_CXX_LIBRARY = "libc++";
				CLANG_ENABLE_MODULES = YES;
				CLANG_ENABLE_OBJC_ARC = YES;
				CLANG_ENABLE_OBJC_WEAK = YES;
				CLANG_WARN_BLOCK_CAPTURE_AUTORELEASING = YES;
				CLANG_WARN_BOOL_CONVERSION = YES;
				CLANG_WARN_COMMA = YES;
				CLANG_WARN_CONSTANT_CONVERSION = YES;
				CLANG_WARN_DEPRECATED_OBJC_IMPLEMENTATIONS = YES;
				CLANG_WARN_DIRECT_OBJC_ISA_USAGE = YES_ERROR;
				CLANG_WARN_DOCUMENTATION_COMMENTS = YES;
				CLANG_WARN_EMPTY_BODY = YES;
				CLANG_WARN_ENUM_CONVERSION = YES;
				CLANG_WARN_INFINITE_RECURSION = YES;
				CLANG_WARN_INT_CONVERSION = YES;
				CLANG_WARN_NON_LITERAL_NULL_CONVERSION = YES;
				CLANG_WARN_OBJC_IMPLICIT_RETAIN_SELF = YES;
				CLANG_WARN_OBJC_LITERAL_CONVERSION = YES;
				CLANG_WARN_OBJC_ROOT_CLASS = YES_ERROR;
				CLANG_WARN_QUOTED_INCLUDE_IN_FRAMEWORK_HEADER = YES;
				CLANG_WARN_RANGE_LOOP_ANALYSIS = YES;
				CLANG_WARN_STRICT_PROTOTYPES = YES;
				CLANG_WARN_SUSPICIOUS_MOVE = YES;
				CLANG_WARN_UNGUARDED_AVAILABILITY = YES_AGGRESSIVE;
				CLANG_WARN_UNREACHABLE_CODE = YES;
				CLANG_WARN__DUPLICATE_METHOD_MATCH = YES;
				COPY_PHASE_STRIP = NO;
				DEBUG_INFORMATION_FORMAT = dwarf;
				ENABLE_STRICT_OBJC_MSGSEND = YES;
				ENABLE_TESTABILITY = YES;
				GCC_C_LANGUAGE_STANDARD = gnu11;
				GCC_DYNAMIC_NO_PIC = NO;
				GCC_NO_COMMON_BLOCKS = YES;
				GCC_OPTIMIZATION_LEVEL = 0;
				GCC_PREPROCESSOR_DEFINITIONS = (
					"DEBUG=1",
					"$(inherited)",
				);
				GCC_WARN_64_TO_32_BIT_CONVERSION = YES;
				GCC_WARN_ABOUT_RETURN_TYPE = YES_ERROR;
				GCC_WARN_UNDECLARED_SELECTOR = YES;
				GCC_WARN_UNINITIALIZED_AUTOS = YES_AGGRESSIVE;
				GCC_WARN_UNUSED_FUNCTION = YES;
				GCC_WARN_UNUSED_VARIABLE = YES;
				IPHONEOS_DEPLOYMENT_TARGET = 15.2;
				MTL_ENABLE_DEBUG_INFO = INCLUDE_SOURCE;
				MTL_FAST_MATH = YES;
				ONLY_ACTIVE_ARCH = YES;
				SDKROOT = iphoneos;
				SWIFT_ACTIVE_COMPILATION_CONDITIONS = DEBUG;
				SWIFT_OPTIMIZATION_LEVEL = "-Onone";
			};
			name = Debug;
		};
		006EB4F928AB395B00BB9DCB /* Release */ = {
			isa = XCBuildConfiguration;
			buildSettings = {
				ALWAYS_SEARCH_USER_PATHS = NO;
				CLANG_ANALYZER_NONNULL = YES;
				CLANG_ANALYZER_NUMBER_OBJECT_CONVERSION = YES_AGGRESSIVE;
				CLANG_CXX_LANGUAGE_STANDARD = "gnu++17";
				CLANG_CXX_LIBRARY = "libc++";
				CLANG_ENABLE_MODULES = YES;
				CLANG_ENABLE_OBJC_ARC = YES;
				CLANG_ENABLE_OBJC_WEAK = YES;
				CLANG_WARN_BLOCK_CAPTURE_AUTORELEASING = YES;
				CLANG_WARN_BOOL_CONVERSION = YES;
				CLANG_WARN_COMMA = YES;
				CLANG_WARN_CONSTANT_CONVERSION = YES;
				CLANG_WARN_DEPRECATED_OBJC_IMPLEMENTATIONS = YES;
				CLANG_WARN_DIRECT_OBJC_ISA_USAGE = YES_ERROR;
				CLANG_WARN_DOCUMENTATION_COMMENTS = YES;
				CLANG_WARN_EMPTY_BODY = YES;
				CLANG_WARN_ENUM_CONVERSION = YES;
				CLANG_WARN_INFINITE_RECURSION = YES;
				CLANG_WARN_INT_CONVERSION = YES;
				CLANG_WARN_NON_LITERAL_NULL_CONVERSION = YES;
				CLANG_WARN_OBJC_IMPLICIT_RETAIN_SELF = YES;
				CLANG_WARN_OBJC_LITERAL_CONVERSION = YES;
				CLANG_WARN_OBJC_ROOT_CLASS = YES_ERROR;
				CLANG_WARN_QUOTED_INCLUDE_IN_FRAMEWORK_HEADER = YES;
				CLANG_WARN_RANGE_LOOP_ANALYSIS = YES;
				CLANG_WARN_STRICT_PROTOTYPES = YES;
				CLANG_WARN_SUSPICIOUS_MOVE = YES;
				CLANG_WARN_UNGUARDED_AVAILABILITY = YES_AGGRESSIVE;
				CLANG_WARN_UNREACHABLE_CODE = YES;
				CLANG_WARN__DUPLICATE_METHOD_MATCH = YES;
				COPY_PHASE_STRIP = NO;
				DEBUG_INFORMATION_FORMAT = "dwarf-with-dsym";
				ENABLE_NS_ASSERTIONS = NO;
				ENABLE_STRICT_OBJC_MSGSEND = YES;
				GCC_C_LANGUAGE_STANDARD = gnu11;
				GCC_NO_COMMON_BLOCKS = YES;
				GCC_WARN_64_TO_32_BIT_CONVERSION = YES;
				GCC_WARN_ABOUT_RETURN_TYPE = YES_ERROR;
				GCC_WARN_UNDECLARED_SELECTOR = YES;
				GCC_WARN_UNINITIALIZED_AUTOS = YES_AGGRESSIVE;
				GCC_WARN_UNUSED_FUNCTION = YES;
				GCC_WARN_UNUSED_VARIABLE = YES;
				IPHONEOS_DEPLOYMENT_TARGET = 15.2;
				MTL_ENABLE_DEBUG_INFO = NO;
				MTL_FAST_MATH = YES;
				SDKROOT = iphoneos;
				SWIFT_COMPILATION_MODE = wholemodule;
				SWIFT_OPTIMIZATION_LEVEL = "-O";
				VALIDATE_PRODUCT = YES;
			};
			name = Release;
		};
		006EB4FB28AB395B00BB9DCB /* Debug */ = {
			isa = XCBuildConfiguration;
			baseConfigurationReference = C79D637B3166DC845241F7E4 /* Pods-Art-Project.debug.xcconfig */;
			buildSettings = {
				ASSETCATALOG_COMPILER_APPICON_NAME = AppIcon;
				ASSETCATALOG_COMPILER_GLOBAL_ACCENT_COLOR_NAME = AccentColor;
				CODE_SIGN_STYLE = Automatic;
				CURRENT_PROJECT_VERSION = 1;
				DEVELOPMENT_TEAM = 6JJ3HPPD4J;
				GENERATE_INFOPLIST_FILE = YES;
				INFOPLIST_FILE = "Art-Project/Info.plist";
				INFOPLIST_KEY_UIApplicationSupportsIndirectInputEvents = YES;
				INFOPLIST_KEY_UILaunchStoryboardName = LaunchScreen;
				INFOPLIST_KEY_UIMainStoryboardFile = Main;
				INFOPLIST_KEY_UISupportedInterfaceOrientations_iPad = "UIInterfaceOrientationPortrait UIInterfaceOrientationPortraitUpsideDown UIInterfaceOrientationLandscapeLeft UIInterfaceOrientationLandscapeRight";
				INFOPLIST_KEY_UISupportedInterfaceOrientations_iPhone = "UIInterfaceOrientationPortrait UIInterfaceOrientationLandscapeLeft UIInterfaceOrientationLandscapeRight";
				LD_RUNPATH_SEARCH_PATHS = (
					"$(inherited)",
					"@executable_path/Frameworks",
				);
				MARKETING_VERSION = 1.0;
				PRODUCT_BUNDLE_IDENTIFIER = "tamnm-minerva.vn.Art-Project";
				PRODUCT_NAME = "$(TARGET_NAME)";
				SWIFT_EMIT_LOC_STRINGS = YES;
				SWIFT_VERSION = 5.0;
				TARGETED_DEVICE_FAMILY = "1,2";
			};
			name = Debug;
		};
		006EB4FC28AB395B00BB9DCB /* Release */ = {
			isa = XCBuildConfiguration;
			baseConfigurationReference = EF049535A091D8C7E9CED3C5 /* Pods-Art-Project.release.xcconfig */;
			buildSettings = {
				ASSETCATALOG_COMPILER_APPICON_NAME = AppIcon;
				ASSETCATALOG_COMPILER_GLOBAL_ACCENT_COLOR_NAME = AccentColor;
				CODE_SIGN_STYLE = Automatic;
				CURRENT_PROJECT_VERSION = 1;
				DEVELOPMENT_TEAM = 6JJ3HPPD4J;
				GENERATE_INFOPLIST_FILE = YES;
				INFOPLIST_FILE = "Art-Project/Info.plist";
				INFOPLIST_KEY_UIApplicationSupportsIndirectInputEvents = YES;
				INFOPLIST_KEY_UILaunchStoryboardName = LaunchScreen;
				INFOPLIST_KEY_UIMainStoryboardFile = Main;
				INFOPLIST_KEY_UISupportedInterfaceOrientations_iPad = "UIInterfaceOrientationPortrait UIInterfaceOrientationPortraitUpsideDown UIInterfaceOrientationLandscapeLeft UIInterfaceOrientationLandscapeRight";
				INFOPLIST_KEY_UISupportedInterfaceOrientations_iPhone = "UIInterfaceOrientationPortrait UIInterfaceOrientationLandscapeLeft UIInterfaceOrientationLandscapeRight";
				LD_RUNPATH_SEARCH_PATHS = (
					"$(inherited)",
					"@executable_path/Frameworks",
				);
				MARKETING_VERSION = 1.0;
				PRODUCT_BUNDLE_IDENTIFIER = "tamnm-minerva.vn.Art-Project";
				PRODUCT_NAME = "$(TARGET_NAME)";
				SWIFT_EMIT_LOC_STRINGS = YES;
				SWIFT_VERSION = 5.0;
				TARGETED_DEVICE_FAMILY = "1,2";
			};
			name = Release;
		};
/* End XCBuildConfiguration section */

/* Begin XCConfigurationList section */
		006EB4E128AB395A00BB9DCB /* Build configuration list for PBXProject "Art-Project" */ = {
			isa = XCConfigurationList;
			buildConfigurations = (
				006EB4F828AB395B00BB9DCB /* Debug */,
				006EB4F928AB395B00BB9DCB /* Release */,
			);
			defaultConfigurationIsVisible = 0;
			defaultConfigurationName = Release;
		};
		006EB4FA28AB395B00BB9DCB /* Build configuration list for PBXNativeTarget "Art-Project" */ = {
			isa = XCConfigurationList;
			buildConfigurations = (
				006EB4FB28AB395B00BB9DCB /* Debug */,
				006EB4FC28AB395B00BB9DCB /* Release */,
			);
			defaultConfigurationIsVisible = 0;
			defaultConfigurationName = Release;
		};
/* End XCConfigurationList section */
	};
	rootObject = 006EB4DE28AB395A00BB9DCB /* Project object */;
}
